{"format_version":"1.0","provider_schemas":{"registry.terraform.io/goauthentik/authentik":{"provider":{"version":0,"block":{"attributes":{"headers":{"type":["map","string"],"description":"Optional HTTP headers sent with every request","description_kind":"markdown","optional":true,"sensitive":true},"insecure":{"type":"bool","description":"Whether to skip TLS verification, can optionally be passed as `AUTHENTIK_INSECURE` environmental variable","description_kind":"markdown","optional":true},"token":{"type":"string","description":"The authentik API token, can optionally be passed as `AUTHENTIK_TOKEN` environmental variable","description_kind":"markdown","required":true,"sensitive":true},"url":{"type":"string","description":"The authentik API endpoint, can optionally be passed as `AUTHENTIK_URL` environmental variable","description_kind":"markdown","required":true}},"description_kind":"plain"}},"resource_schemas":{"authentik_application":{"version":0,"block":{"attributes":{"backchannel_providers":{"type":["list","number"],"description_kind":"plain","optional":true},"group":{"type":"string","description_kind":"plain","optional":true},"id":{"type":"string","description_kind":"plain","optional":true,"computed":true},"meta_description":{"type":"string","description_kind":"plain","optional":true},"meta_icon":{"type":"string","description_kind":"plain","optional":true},"meta_launch_url":{"type":"string","description_kind":"plain","optional":true},"meta_publisher":{"type":"string","description_kind":"plain","optional":true},"name":{"type":"string","description_kind":"plain","required":true},"open_in_new_tab":{"type":"bool","description":"Defaults to `false`.","description_kind":"markdown","optional":true},"policy_engine_mode":{"type":"string","description":"Allowed values:\n  - `all`\n  - `any`\n Defaults to `any`.","description_kind":"markdown","optional":true},"protocol_provider":{"type":"number","description_kind":"plain","optional":true},"slug":{"type":"string","description_kind":"plain","required":true},"uuid":{"type":"string","description":"Generated.","description_kind":"markdown","optional":true,"computed":true}},"description":"Applications --- ","description_kind":"markdown"}},"authentik_application_entitlement":{"version":0,"block":{"attributes":{"application":{"type":"string","description_kind":"plain","required":true},"attributes":{"type":"string","description":"JSON format expected. Use `jsonencode()` to pass objects. Defaults to `{}`.","description_kind":"markdown","optional":true},"id":{"type":"string","description_kind":"plain","optional":true,"computed":true},"name":{"type":"string","description_kind":"plain","required":true}},"description":"Applications --- ","description_kind":"markdown"}},"authentik_blueprint":{"version":0,"block":{"attributes":{"content":{"type":"string","description_kind":"plain","optional":true},"context":{"type":"string","description":"JSON format expected. Use `jsonencode()` to pass objects. Defaults to `{}`.","description_kind":"markdown","optional":true},"enabled":{"type":"bool","description":"Defaults to `true`.","description_kind":"markdown","optional":true},"id":{"type":"string","description_kind":"plain","optional":true,"computed":true},"name":{"type":"string","description_kind":"plain","required":true},"path":{"type":"string","description_kind":"plain","optional":true}},"description":"Blueprints --- ","description_kind":"markdown"}},"authentik_brand":{"version":0,"block":{"attributes":{"attributes":{"type":"string","description":"JSON format expected. Use `jsonencode()` to pass objects. Defaults to `{}`.","description_kind":"markdown","optional":true},"branding_custom_css":{"type":"string","description_kind":"plain","optional":true},"branding_default_flow_background":{"type":"string","description":"Defaults to `/static/dist/assets/images/flow_background.jpg`.","description_kind":"markdown","optional":true},"branding_favicon":{"type":"string","description_kind":"plain","optional":true},"branding_logo":{"type":"string","description_kind":"plain","optional":true},"branding_title":{"type":"string","description":"Defaults to `authentik`.","description_kind":"markdown","optional":true},"client_certificates":{"type":["list","string"],"description_kind":"plain","optional":true},"default":{"type":"bool","description":"Defaults to `false`.","description_kind":"markdown","optional":true},"default_application":{"type":"string","description_kind":"plain","optional":true},"domain":{"type":"string","description_kind":"plain","required":true},"flow_authentication":{"type":"string","description_kind":"plain","optional":true},"flow_device_code":{"type":"string","description_kind":"plain","optional":true},"flow_invalidation":{"type":"string","description_kind":"plain","optional":true},"flow_recovery":{"type":"string","description_kind":"plain","optional":true},"flow_unenrollment":{"type":"string","description_kind":"plain","optional":true},"flow_user_settings":{"type":"string","description_kind":"plain","optional":true},"id":{"type":"string","description_kind":"plain","optional":true,"computed":true},"web_certificate":{"type":"string","description_kind":"plain","optional":true}},"description":"System --- ","description_kind":"markdown"}},"authentik_certificate_key_pair":{"version":0,"block":{"attributes":{"certificate_data":{"type":"string","description_kind":"plain","required":true},"id":{"type":"string","description_kind":"plain","optional":true,"computed":true},"key_data":{"type":"string","description_kind":"plain","optional":true,"sensitive":true},"name":{"type":"string","description_kind":"plain","required":true}},"description":"System --- ","description_kind":"markdown"}},"authentik_endpoints_connector_agent":{"version":0,"block":{"attributes":{"auth_session_duration":{"type":"string","description":"Format: hours=1;minutes=2;seconds=3. Defaults to `hours=8`.","description_kind":"markdown","optional":true},"auth_terminate_session_on_expiry":{"type":"bool","description":"Defaults to `true`.","description_kind":"markdown","optional":true},"authorization_flow":{"type":"string","description_kind":"plain","optional":true},"challenge_idle_timeout":{"type":"string","description":"Format: hours=1;minutes=2;seconds=3. Defaults to `seconds=3`.","description_kind":"markdown","optional":true},"challenge_key":{"type":"string","description_kind":"plain","optional":true},"challenge_trigger_check_in":{"type":"bool","description":"Defaults to `true`.","description_kind":"markdown","optional":true},"enabled":{"type":"bool","description":"Defaults to `true`.","description_kind":"markdown","optional":true},"id":{"type":"string","description_kind":"plain","optional":true,"computed":true},"jwt_federation_providers":{"type":["list","string"],"description_kind":"plain","optional":true},"name":{"type":"string","description_kind":"plain","required":true},"nss_gid_offset":{"type":"number","description":"Defaults to `4000`.","description_kind":"markdown","optional":true},"nss_uid_offset":{"type":"number","description":"Defaults to `2000`.","description_kind":"markdown","optional":true},"refresh_interval":{"type":"string","description":"Format: hours=1;minutes=2;seconds=3. Defaults to `minutes=30`.","description_kind":"markdown","optional":true},"snapshot_expiry":{"type":"string","description":"Format: hours=1;minutes=2;seconds=3. Defaults to `hours=24`.","description_kind":"markdown","optional":true}},"description":"Endpoint Devices --- ","description_kind":"markdown"}},"authentik_endpoints_connector_agent_enrollment_token":{"version":0,"block":{"attributes":{"connector":{"type":"string","description_kind":"plain","required":true},"device_access_group":{"type":"string","description_kind":"plain","optional":true},"expires":{"type":"string","description_kind":"plain","optional":true},"expires_in":{"type":"number","description":"Generated.","description_kind":"markdown","computed":true},"expiring":{"type":"bool","description":"Defaults to `true`.","description_kind":"markdown","optional":true},"id":{"type":"string","description_kind":"plain","optional":true,"computed":true},"key":{"type":"string","description":"Generated.","description_kind":"markdown","computed":true,"sensitive":true},"name":{"type":"string","description_kind":"plain","required":true},"retrieve_key":{"type":"bool","description":"Defaults to `false`.","description_kind":"markdown","optional":true}},"description":"Endpoint Devices --- ","description_kind":"markdown"}},"authentik_endpoints_device_access_group":{"version":0,"block":{"attributes":{"id":{"type":"string","description_kind":"plain","optional":true,"computed":true},"name":{"type":"string","description_kind":"plain","required":true}},"description":"Endpoint Devices --- ","description_kind":"markdown"}},"authentik_enterprise_license":{"version":0,"block":{"attributes":{"expiry":{"type":"number","description":"Generated.","description_kind":"markdown","computed":true},"external_users":{"type":"number","description":"Generated.","description_kind":"markdown","computed":true},"id":{"type":"string","description_kind":"plain","optional":true,"computed":true},"internal_users":{"type":"number","description":"Generated.","description_kind":"markdown","computed":true},"key":{"type":"string","description_kind":"plain","required":true,"sensitive":true},"name":{"type":"string","description":"Generated.","description_kind":"markdown","computed":true}},"description":"Enterprise --- ","description_kind":"markdown"}},"authentik_event_rule":{"version":0,"block":{"attributes":{"destination_event_user":{"type":"bool","description":"Send notification to event user Defaults to `false`.","description_kind":"markdown","optional":true},"destination_group":{"type":"string","description":"Group to send notification to","description_kind":"markdown","optional":true},"id":{"type":"string","description_kind":"plain","optional":true,"computed":true},"name":{"type":"string","description_kind":"plain","required":true},"severity":{"type":"string","description":"Allowed values:\n  - `notice`\n  - `warning`\n  - `alert`\n Defaults to `warning`.","description_kind":"markdown","optional":true},"transports":{"type":["list","string"],"description_kind":"plain","required":true}},"description":"Events --- ","description_kind":"markdown"}},"authentik_event_transport":{"version":0,"block":{"attributes":{"email_subject_prefix":{"type":"string","description":"Defaults to `authentik Notification:`.","description_kind":"markdown","optional":true},"email_template":{"type":"string","description":"Defaults to `email/event_notification.html`.","description_kind":"markdown","optional":true},"id":{"type":"string","description_kind":"plain","optional":true,"computed":true},"mode":{"type":"string","description":"Allowed values:\n  - `local`\n  - `webhook`\n  - `webhook_slack`\n  - `email`","description_kind":"markdown","required":true},"name":{"type":"string","description_kind":"plain","required":true},"send_once":{"type":"bool","description":"Defaults to `true`.","description_kind":"markdown","optional":true},"webhook_mapping_body":{"type":"string","description_kind":"plain","optional":true},"webhook_mapping_headers":{"type":"string","description_kind":"plain","optional":true},"webhook_url":{"type":"string","description_kind":"plain","optional":true}},"description":"Events --- ","description_kind":"markdown"}},"authentik_flow":{"version":0,"block":{"attributes":{"authentication":{"type":"string","description":"Allowed values:\n  - `none`\n  - `require_authenticated`\n  - `require_unauthenticated`\n  - `require_superuser`\n  - `require_redirect`\n  - `require_outpost`\n Defaults to `none`.","description_kind":"markdown","optional":true},"background":{"type":"string","description":"Optional URL to an image which will be used as the background during the flow. Defaults to `/static/dist/assets/images/flow_background.jpg`.","description_kind":"markdown","optional":true},"compatibility_mode":{"type":"bool","description":"Defaults to `true`.","description_kind":"markdown","optional":true},"denied_action":{"type":"string","description":"Defaults to `message_continue`.","description_kind":"markdown","optional":true},"designation":{"type":"string","description":"Allowed values:\n  - `authentication`\n  - `authorization`\n  - `invalidation`\n  - `enrollment`\n  - `unenrollment`\n  - `recovery`\n  - `stage_configuration`","description_kind":"markdown","required":true},"id":{"type":"string","description_kind":"plain","optional":true,"computed":true},"layout":{"type":"string","description":"Allowed values:\n  - `stacked`\n  - `content_left`\n  - `content_right`\n  - `sidebar_left`\n  - `sidebar_right`\n Defaults to `stacked`.","description_kind":"markdown","optional":true},"name":{"type":"string","description_kind":"plain","required":true},"policy_engine_mode":{"type":"string","description":"Allowed values:\n  - `all`\n  - `any`\n Defaults to `any`.","description_kind":"markdown","optional":true},"slug":{"type":"string","description_kind":"plain","required":true},"title":{"type":"string","description_kind":"plain","required":true},"uuid":{"type":"string","description":"Generated.","description_kind":"markdown","computed":true}},"description":"Flows \u0026 Stages --- ","description_kind":"markdown"}},"authentik_flow_stage_binding":{"version":0,"block":{"attributes":{"evaluate_on_plan":{"type":"bool","description":"Evaluate policies during the Flow planning process. Defaults to `true`.","description_kind":"markdown","optional":true},"id":{"type":"string","description_kind":"plain","optional":true,"computed":true},"invalid_response_action":{"type":"string","description":"Allowed values:\n  - `retry`\n  - `restart`\n  - `restart_with_context`\n Defaults to `retry`.","description_kind":"markdown","optional":true},"order":{"type":"number","description_kind":"plain","required":true},"policy_engine_mode":{"type":"string","description":"Allowed values:\n  - `all`\n  - `any`\n Defaults to `any`.","description_kind":"markdown","optional":true},"re_evaluate_policies":{"type":"bool","description":"Evaluate policies when the Stage is present to the user. Defaults to `false`.","description_kind":"markdown","optional":true},"stage":{"type":"string","description_kind":"plain","required":true},"target":{"type":"string","description_kind":"plain","required":true}},"description":"Flows \u0026 Stages --- ","description_kind":"markdown"}},"authentik_group":{"version":0,"block":{"attributes":{"attributes":{"type":"string","description":"JSON format expected. Use `jsonencode()` to pass objects. Defaults to `{}`.","description_kind":"markdown","optional":true},"id":{"type":"string","description_kind":"plain","optional":true,"computed":true},"is_superuser":{"type":"bool","description":"Defaults to `false`.","description_kind":"markdown","optional":true},"name":{"type":"string","description_kind":"plain","required":true},"parents":{"type":["list","string"],"description_kind":"plain","optional":true},"roles":{"type":["list","string"],"description_kind":"plain","optional":true},"users":{"type":["list","number"],"description":"Generated.","description_kind":"markdown","optional":true,"computed":true}},"description":"Directory --- ","description_kind":"markdown"}},"authentik_outpost":{"version":0,"block":{"attributes":{"config":{"type":"string","description":"JSON format expected. Use `jsonencode()` to pass objects. Generated.","description_kind":"markdown","optional":true,"computed":true},"id":{"type":"string","description_kind":"plain","optional":true,"computed":true},"name":{"type":"string","description_kind":"plain","required":true},"protocol_providers":{"type":["list","number"],"description_kind":"plain","required":true},"service_connection":{"type":"string","description_kind":"plain","optional":true},"type":{"type":"string","description":"Allowed values:\n  - `proxy`\n  - `ldap`\n  - `radius`\n  - `rac`\n Defaults to `proxy`.","description_kind":"markdown","optional":true}},"description":"Applications --- ","description_kind":"markdown"}},"authentik_outpost_provider_attachment":{"version":0,"block":{"attributes":{"id":{"type":"string","description_kind":"plain","optional":true,"computed":true},"outpost":{"type":"string","description":"The ID of the outpost.","description_kind":"markdown","required":true},"protocol_provider":{"type":"number","description":"The ID of the provider.","description_kind":"markdown","required":true}},"description":"Applications --- ","description_kind":"markdown"}},"authentik_policy_binding":{"version":0,"block":{"attributes":{"enabled":{"type":"bool","description":"Defaults to `true`.","description_kind":"markdown","optional":true},"failure_result":{"type":"bool","description":"Defaults to `false`.","description_kind":"markdown","optional":true},"group":{"type":"string","description":"UUID of the group","description_kind":"markdown","optional":true},"id":{"type":"string","description_kind":"plain","optional":true,"computed":true},"negate":{"type":"bool","description":"Defaults to `false`.","description_kind":"markdown","optional":true},"order":{"type":"number","description_kind":"plain","required":true},"policy":{"type":"string","description":"UUID of the policy","description_kind":"markdown","optional":true},"target":{"type":"string","description":"ID of the object this binding should apply to","description_kind":"markdown","required":true},"timeout":{"type":"number","description":"Defaults to `30`.","description_kind":"markdown","optional":true},"user":{"type":"number","description":"PK of the user","description_kind":"markdown","optional":true}},"description":"Customization --- ","description_kind":"markdown"}},"authentik_policy_dummy":{"version":0,"block":{"attributes":{"execution_logging":{"type":"bool","description":"Defaults to `false`.","description_kind":"markdown","optional":true},"id":{"type":"string","description_kind":"plain","optional":true,"computed":true},"name":{"type":"string","description_kind":"plain","required":true},"result":{"type":"bool","description":"Defaults to `false`.","description_kind":"markdown","optional":true},"wait_max":{"type":"number","description":"Defaults to `30`.","description_kind":"markdown","optional":true},"wait_min":{"type":"number","description":"Defaults to `5`.","description_kind":"markdown","optional":true}},"description":"Customization --- ","description_kind":"markdown"}},"authentik_policy_event_matcher":{"version":0,"block":{"attributes":{"action":{"type":"string","description_kind":"plain","optional":true},"app":{"type":"string","description":"Allowed values:\n  - `authentik.commands`\n  - `authentik.tenants`\n  - `authentik.tasks`\n  - `authentik.admin`\n  - `authentik.api`\n  - `authentik.core`\n  - `authentik.crypto`\n  - `authentik.endpoints`\n  - `authentik.endpoints.connectors.agent`\n  - `authentik.enterprise`\n  - `authentik.events`\n  - `authentik.admin.files`\n  - `authentik.flows`\n  - `authentik.outposts`\n  - `authentik.policies.dummy`\n  - `authentik.policies.event_matcher`\n  - `authentik.policies.expiry`\n  - `authentik.policies.expression`\n  - `authentik.policies.geoip`\n  - `authentik.policies.password`\n  - `authentik.policies.reputation`\n  - `authentik.policies`\n  - `authentik.providers.ldap`\n  - `authentik.providers.oauth2`\n  - `authentik.providers.proxy`\n  - `authentik.providers.rac`\n  - `authentik.providers.radius`\n  - `authentik.providers.saml`\n  - `authentik.providers.scim`\n  - `authentik.rbac`\n  - `authentik.recovery`\n  - `authentik.sources.kerberos`\n  - `authentik.sources.ldap`\n  - `authentik.sources.oauth`\n  - `authentik.sources.plex`\n  - `authentik.sources.saml`\n  - `authentik.sources.scim`\n  - `authentik.sources.telegram`\n  - `authentik.stages.authenticator`\n  - `authentik.stages.authenticator_duo`\n  - `authentik.stages.authenticator_email`\n  - `authentik.stages.authenticator_sms`\n  - `authentik.stages.authenticator_static`\n  - `authentik.stages.authenticator_totp`\n  - `authentik.stages.authenticator_validate`\n  - `authentik.stages.authenticator_webauthn`\n  - `authentik.stages.captcha`\n  - `authentik.stages.consent`\n  - `authentik.stages.deny`\n  - `authentik.stages.dummy`\n  - `authentik.stages.email`\n  - `authentik.stages.identification`\n  - `authentik.stages.invitation`\n  - `authentik.stages.password`\n  - `authentik.stages.prompt`\n  - `authentik.stages.redirect`\n  - `authentik.stages.user_delete`\n  - `authentik.stages.user_login`\n  - `authentik.stages.user_logout`\n  - `authentik.stages.user_write`\n  - `authentik.tasks.schedules`\n  - `authentik.brands`\n  - `authentik.blueprints`\n  - `authentik.enterprise.audit`\n  - `authentik.enterprise.endpoints.connectors.agent`\n  - `authentik.enterprise.policies.unique_password`\n  - `authentik.enterprise.providers.google_workspace`\n  - `authentik.enterprise.providers.microsoft_entra`\n  - `authentik.enterprise.providers.radius`\n  - `authentik.enterprise.providers.scim`\n  - `authentik.enterprise.providers.ssf`\n  - `authentik.enterprise.reports`\n  - `authentik.enterprise.search`\n  - `authentik.enterprise.stages.authenticator_endpoint_gdtc`\n  - `authentik.enterprise.stages.mtls`\n  - `authentik.enterprise.stages.source`","description_kind":"markdown","optional":true},"client_ip":{"type":"string","description_kind":"plain","optional":true},"execution_logging":{"type":"bool","description":"Defaults to `false`.","description_kind":"markdown","optional":true},"id":{"type":"string","description_kind":"plain","optional":true,"computed":true},"model":{"type":"string","description":"Allowed values:\n  - `authentik_tenants.domain`\n  - `authentik_core.group`\n  - `authentik_core.user`\n  - `authentik_core.application`\n  - `authentik_core.applicationentitlement`\n  - `authentik_core.token`\n  - `authentik_crypto.certificatekeypair`\n  - `authentik_endpoints.deviceuserbinding`\n  - `authentik_endpoints.deviceaccessgroup`\n  - `authentik_endpoints.endpointstage`\n  - `authentik_endpoints_connectors_agent.agentconnector`\n  - `authentik_endpoints_connectors_agent.agentdeviceuserbinding`\n  - `authentik_endpoints_connectors_agent.enrollmenttoken`\n  - `authentik_enterprise.license`\n  - `authentik_events.event`\n  - `authentik_events.notificationtransport`\n  - `authentik_events.notification`\n  - `authentik_events.notificationrule`\n  - `authentik_events.notificationwebhookmapping`\n  - `authentik_flows.flow`\n  - `authentik_flows.flowstagebinding`\n  - `authentik_outposts.dockerserviceconnection`\n  - `authentik_outposts.kubernetesserviceconnection`\n  - `authentik_outposts.outpost`\n  - `authentik_policies_dummy.dummypolicy`\n  - `authentik_policies_event_matcher.eventmatcherpolicy`\n  - `authentik_policies_expiry.passwordexpirypolicy`\n  - `authentik_policies_expression.expressionpolicy`\n  - `authentik_policies_geoip.geoippolicy`\n  - `authentik_policies_password.passwordpolicy`\n  - `authentik_policies_reputation.reputationpolicy`\n  - `authentik_policies.policybinding`\n  - `authentik_providers_ldap.ldapprovider`\n  - `authentik_providers_oauth2.scopemapping`\n  - `authentik_providers_oauth2.oauth2provider`\n  - `authentik_providers_proxy.proxyprovider`\n  - `authentik_providers_rac.racprovider`\n  - `authentik_providers_rac.endpoint`\n  - `authentik_providers_rac.racpropertymapping`\n  - `authentik_providers_radius.radiusprovider`\n  - `authentik_providers_radius.radiusproviderpropertymapping`\n  - `authentik_providers_saml.samlprovider`\n  - `authentik_providers_saml.samlpropertymapping`\n  - `authentik_providers_scim.scimprovider`\n  - `authentik_providers_scim.scimmapping`\n  - `authentik_rbac.role`\n  - `authentik_rbac.initialpermissions`\n  - `authentik_sources_kerberos.kerberossource`\n  - `authentik_sources_kerberos.kerberossourcepropertymapping`\n  - `authentik_sources_kerberos.userkerberossourceconnection`\n  - `authentik_sources_kerberos.groupkerberossourceconnection`\n  - `authentik_sources_ldap.ldapsource`\n  - `authentik_sources_ldap.ldapsourcepropertymapping`\n  - `authentik_sources_ldap.userldapsourceconnection`\n  - `authentik_sources_ldap.groupldapsourceconnection`\n  - `authentik_sources_oauth.oauthsource`\n  - `authentik_sources_oauth.oauthsourcepropertymapping`\n  - `authentik_sources_oauth.useroauthsourceconnection`\n  - `authentik_sources_oauth.groupoauthsourceconnection`\n  - `authentik_sources_plex.plexsource`\n  - `authentik_sources_plex.plexsourcepropertymapping`\n  - `authentik_sources_plex.userplexsourceconnection`\n  - `authentik_sources_plex.groupplexsourceconnection`\n  - `authentik_sources_saml.samlsource`\n  - `authentik_sources_saml.samlsourcepropertymapping`\n  - `authentik_sources_saml.usersamlsourceconnection`\n  - `authentik_sources_saml.groupsamlsourceconnection`\n  - `authentik_sources_scim.scimsource`\n  - `authentik_sources_scim.scimsourcepropertymapping`\n  - `authentik_sources_telegram.telegramsource`\n  - `authentik_sources_telegram.telegramsourcepropertymapping`\n  - `authentik_sources_telegram.usertelegramsourceconnection`\n  - `authentik_sources_telegram.grouptelegramsourceconnection`\n  - `authentik_stages_authenticator_duo.authenticatorduostage`\n  - `authentik_stages_authenticator_duo.duodevice`\n  - `authentik_stages_authenticator_email.authenticatoremailstage`\n  - `authentik_stages_authenticator_email.emaildevice`\n  - `authentik_stages_authenticator_sms.authenticatorsmsstage`\n  - `authentik_stages_authenticator_sms.smsdevice`\n  - `authentik_stages_authenticator_static.authenticatorstaticstage`\n  - `authentik_stages_authenticator_static.staticdevice`\n  - `authentik_stages_authenticator_totp.authenticatortotpstage`\n  - `authentik_stages_authenticator_totp.totpdevice`\n  - `authentik_stages_authenticator_validate.authenticatorvalidatestage`\n  - `authentik_stages_authenticator_webauthn.authenticatorwebauthnstage`\n  - `authentik_stages_authenticator_webauthn.webauthndevice`\n  - `authentik_stages_captcha.captchastage`\n  - `authentik_stages_consent.consentstage`\n  - `authentik_stages_deny.denystage`\n  - `authentik_stages_dummy.dummystage`\n  - `authentik_stages_email.emailstage`\n  - `authentik_stages_identification.identificationstage`\n  - `authentik_stages_invitation.invitationstage`\n  - `authentik_stages_invitation.invitation`\n  - `authentik_stages_password.passwordstage`\n  - `authentik_stages_prompt.prompt`\n  - `authentik_stages_prompt.promptstage`\n  - `authentik_stages_redirect.redirectstage`\n  - `authentik_stages_user_delete.userdeletestage`\n  - `authentik_stages_user_login.userloginstage`\n  - `authentik_stages_user_logout.userlogoutstage`\n  - `authentik_stages_user_write.userwritestage`\n  - `authentik_tasks_schedules.schedule`\n  - `authentik_brands.brand`\n  - `authentik_blueprints.blueprintinstance`\n  - `authentik_policies_unique_password.uniquepasswordpolicy`\n  - `authentik_providers_google_workspace.googleworkspaceprovider`\n  - `authentik_providers_google_workspace.googleworkspaceprovidermapping`\n  - `authentik_providers_microsoft_entra.microsoftentraprovider`\n  - `authentik_providers_microsoft_entra.microsoftentraprovidermapping`\n  - `authentik_providers_ssf.ssfprovider`\n  - `authentik_reports.dataexport`\n  - `authentik_stages_authenticator_endpoint_gdtc.authenticatorendpointgdtcstage`\n  - `authentik_stages_mtls.mutualtlsstage`\n  - `authentik_stages_source.sourcestage`","description_kind":"markdown","optional":true},"name":{"type":"string","description_kind":"plain","required":true}},"description":"Customization --- ","description_kind":"markdown"}},"authentik_policy_expiry":{"version":0,"block":{"attributes":{"days":{"type":"number","description_kind":"plain","required":true},"deny_only":{"type":"bool","description":"Defaults to `false`.","description_kind":"markdown","optional":true},"execution_logging":{"type":"bool","description":"Defaults to `false`.","description_kind":"markdown","optional":true},"id":{"type":"string","description_kind":"plain","optional":true,"computed":true},"name":{"type":"string","description_kind":"plain","required":true}},"description":"Customization --- ","description_kind":"markdown"}},"authentik_policy_expression":{"version":0,"block":{"attributes":{"execution_logging":{"type":"bool","description":"Defaults to `false`.","description_kind":"markdown","optional":true},"expression":{"type":"string","description_kind":"plain","required":true},"id":{"type":"string","description_kind":"plain","optional":true,"computed":true},"name":{"type":"string","description_kind":"plain","required":true}},"description":"Customization --- ","description_kind":"markdown"}},"authentik_policy_geoip":{"version":0,"block":{"attributes":{"asns":{"type":["list","number"],"description_kind":"plain","optional":true},"check_history_distance":{"type":"bool","description_kind":"plain","optional":true},"check_impossible_travel":{"type":"bool","description_kind":"plain","optional":true},"countries":{"type":["list","string"],"description":"Allowed values:\n  - `AF`\n  - `AX`\n  - `AL`\n  - `DZ`\n  - `AS`\n  - `AD`\n  - `AO`\n  - `AI`\n  - `AQ`\n  - `AG`\n  - `AR`\n  - `AM`\n  - `AW`\n  - `AU`\n  - `AT`\n  - `AZ`\n  - `BS`\n  - `BH`\n  - `BD`\n  - `BB`\n  - `BY`\n  - `BE`\n  - `BZ`\n  - `BJ`\n  - `BM`\n  - `BT`\n  - `BO`\n  - `BQ`\n  - `BA`\n  - `BW`\n  - `BV`\n  - `BR`\n  - `IO`\n  - `BN`\n  - `BG`\n  - `BF`\n  - `BI`\n  - `CV`\n  - `KH`\n  - `CM`\n  - `CA`\n  - `KY`\n  - `CF`\n  - `TD`\n  - `CL`\n  - `CN`\n  - `CX`\n  - `CC`\n  - `CO`\n  - `KM`\n  - `CG`\n  - `CD`\n  - `CK`\n  - `CR`\n  - `CI`\n  - `HR`\n  - `CU`\n  - `CW`\n  - `CY`\n  - `CZ`\n  - `DK`\n  - `DJ`\n  - `DM`\n  - `DO`\n  - `EC`\n  - `EG`\n  - `SV`\n  - `GQ`\n  - `ER`\n  - `EE`\n  - `SZ`\n  - `ET`\n  - `FK`\n  - `FO`\n  - `FJ`\n  - `FI`\n  - `FR`\n  - `GF`\n  - `PF`\n  - `TF`\n  - `GA`\n  - `GM`\n  - `GE`\n  - `DE`\n  - `GH`\n  - `GI`\n  - `GR`\n  - `GL`\n  - `GD`\n  - `GP`\n  - `GU`\n  - `GT`\n  - `GG`\n  - `GN`\n  - `GW`\n  - `GY`\n  - `HT`\n  - `HM`\n  - `VA`\n  - `HN`\n  - `HK`\n  - `HU`\n  - `IS`\n  - `IN`\n  - `ID`\n  - `IR`\n  - `IQ`\n  - `IE`\n  - `IM`\n  - `IL`\n  - `IT`\n  - `JM`\n  - `JP`\n  - `JE`\n  - `JO`\n  - `KZ`\n  - `KE`\n  - `KI`\n  - `KW`\n  - `KG`\n  - `LA`\n  - `LV`\n  - `LB`\n  - `LS`\n  - `LR`\n  - `LY`\n  - `LI`\n  - `LT`\n  - `LU`\n  - `MO`\n  - `MG`\n  - `MW`\n  - `MY`\n  - `MV`\n  - `ML`\n  - `MT`\n  - `MH`\n  - `MQ`\n  - `MR`\n  - `MU`\n  - `YT`\n  - `MX`\n  - `FM`\n  - `MD`\n  - `MC`\n  - `MN`\n  - `ME`\n  - `MS`\n  - `MA`\n  - `MZ`\n  - `MM`\n  - `NA`\n  - `NR`\n  - `NP`\n  - `NL`\n  - `NC`\n  - `NZ`\n  - `NI`\n  - `NE`\n  - `NG`\n  - `NU`\n  - `NF`\n  - `KP`\n  - `MK`\n  - `MP`\n  - `NO`\n  - `OM`\n  - `PK`\n  - `PW`\n  - `PS`\n  - `PA`\n  - `PG`\n  - `PY`\n  - `PE`\n  - `PH`\n  - `PN`\n  - `PL`\n  - `PT`\n  - `PR`\n  - `QA`\n  - `RE`\n  - `RO`\n  - `RU`\n  - `RW`\n  - `BL`\n  - `SH`\n  - `KN`\n  - `LC`\n  - `MF`\n  - `PM`\n  - `VC`\n  - `WS`\n  - `SM`\n  - `ST`\n  - `SA`\n  - `SN`\n  - `RS`\n  - `SC`\n  - `SL`\n  - `SG`\n  - `SX`\n  - `SK`\n  - `SI`\n  - `SB`\n  - `SO`\n  - `ZA`\n  - `GS`\n  - `KR`\n  - `SS`\n  - `ES`\n  - `LK`\n  - `SD`\n  - `SR`\n  - `SJ`\n  - `SE`\n  - `CH`\n  - `SY`\n  - `TW`\n  - `TJ`\n  - `TZ`\n  - `TH`\n  - `TL`\n  - `TG`\n  - `TK`\n  - `TO`\n  - `TT`\n  - `TN`\n  - `TR`\n  - `TM`\n  - `TC`\n  - `TV`\n  - `UG`\n  - `UA`\n  - `AE`\n  - `GB`\n  - `UM`\n  - `US`\n  - `UY`\n  - `UZ`\n  - `VU`\n  - `VE`\n  - `VN`\n  - `VG`\n  - `VI`\n  - `WF`\n  - `EH`\n  - `YE`\n  - `ZM`\n  - `ZW`","description_kind":"markdown","optional":true},"distance_tolerance_km":{"type":"number","description":"Defaults to `50`.","description_kind":"markdown","optional":true},"execution_logging":{"type":"bool","description":"Defaults to `false`.","description_kind":"markdown","optional":true},"history_login_count":{"type":"number","description":"Defaults to `5`.","description_kind":"markdown","optional":true},"history_max_distance_km":{"type":"number","description":"Defaults to `100`.","description_kind":"markdown","optional":true},"id":{"type":"string","description_kind":"plain","optional":true,"computed":true},"impossible_tolerance_km":{"type":"number","description":"Defaults to `100`.","description_kind":"markdown","optional":true},"name":{"type":"string","description_kind":"plain","required":true}},"description":"Customization --- ","description_kind":"markdown"}},"authentik_policy_password":{"version":0,"block":{"attributes":{"amount_digits":{"type":"number","description_kind":"plain","optional":true},"amount_lowercase":{"type":"number","description_kind":"plain","optional":true},"amount_symbols":{"type":"number","description_kind":"plain","optional":true},"amount_uppercase":{"type":"number","description_kind":"plain","optional":true},"check_have_i_been_pwned":{"type":"bool","description":"Defaults to `false`.","description_kind":"markdown","optional":true},"check_static_rules":{"type":"bool","description":"Defaults to `true`.","description_kind":"markdown","optional":true},"check_zxcvbn":{"type":"bool","description":"Defaults to `false`.","description_kind":"markdown","optional":true},"error_message":{"type":"string","description_kind":"plain","required":true},"execution_logging":{"type":"bool","description":"Defaults to `false`.","description_kind":"markdown","optional":true},"hibp_allowed_count":{"type":"number","description":"Defaults to `1`.","description_kind":"markdown","optional":true},"id":{"type":"string","description_kind":"plain","optional":true,"computed":true},"length_min":{"type":"number","description_kind":"plain","optional":true},"name":{"type":"string","description_kind":"plain","required":true},"password_field":{"type":"string","description":"Defaults to `password`.","description_kind":"markdown","optional":true},"symbol_charset":{"type":"string","description":"Defaults to `!\\\"#$%\u0026'()*+,-./:;\u003c=\u003e?@[\\]^_`{|}~`.","description_kind":"markdown","optional":true},"zxcvbn_score_threshold":{"type":"number","description":"Defaults to `2`.","description_kind":"markdown","optional":true}},"description":"Customization --- ","description_kind":"markdown"}},"authentik_policy_reputation":{"version":0,"block":{"attributes":{"check_ip":{"type":"bool","description":"Defaults to `true`.","description_kind":"markdown","optional":true},"check_username":{"type":"bool","description":"Defaults to `true`.","description_kind":"markdown","optional":true},"execution_logging":{"type":"bool","description":"Defaults to `false`.","description_kind":"markdown","optional":true},"id":{"type":"string","description_kind":"plain","optional":true,"computed":true},"name":{"type":"string","description_kind":"plain","required":true},"threshold":{"type":"number","description":"Defaults to `10`.","description_kind":"markdown","optional":true}},"description":"Customization --- ","description_kind":"markdown"}},"authentik_policy_unique_password":{"version":0,"block":{"attributes":{"execution_logging":{"type":"bool","description":"Defaults to `false`.","description_kind":"markdown","optional":true},"id":{"type":"string","description_kind":"plain","optional":true,"computed":true},"name":{"type":"string","description_kind":"plain","required":true},"num_historical_passwords":{"type":"number","description":"Defaults to `1`.","description_kind":"markdown","optional":true},"password_field":{"type":"string","description":"Defaults to `password`.","description_kind":"markdown","optional":true}},"description":"Customization --- ","description_kind":"markdown"}},"authentik_property_mapping_notification":{"version":0,"block":{"attributes":{"expression":{"type":"string","description_kind":"plain","required":true},"id":{"type":"string","description_kind":"plain","optional":true,"computed":true},"name":{"type":"string","description_kind":"plain","required":true}},"description":"Customization --- Manage Notification Property mappings","description_kind":"markdown"}},"authentik_property_mapping_provider_google_workspace":{"version":0,"block":{"attributes":{"expression":{"type":"string","description_kind":"plain","required":true},"id":{"type":"string","description_kind":"plain","optional":true,"computed":true},"name":{"type":"string","description_kind":"plain","required":true}},"description":"Customization --- Manage Google Workspace Provider Property mappings","description_kind":"markdown"}},"authentik_property_mapping_provider_microsoft_entra":{"version":0,"block":{"attributes":{"expression":{"type":"string","description_kind":"plain","required":true},"id":{"type":"string","description_kind":"plain","optional":true,"computed":true},"name":{"type":"string","description_kind":"plain","required":true}},"description":"Customization --- Manage Microsoft Entra Provider Property mappings","description_kind":"markdown"}},"authentik_property_mapping_provider_rac":{"version":0,"block":{"attributes":{"expression":{"type":"string","description_kind":"plain","optional":true},"id":{"type":"string","description_kind":"plain","optional":true,"computed":true},"name":{"type":"string","description_kind":"plain","required":true},"settings":{"type":"string","description":"JSON format expected. Use `jsonencode()` to pass objects. Defaults to `{}`.","description_kind":"markdown","optional":true}},"description":"Customization --- Manage RAC Provider Property mappings","description_kind":"markdown"}},"authentik_property_mapping_provider_radius":{"version":0,"block":{"attributes":{"expression":{"type":"string","description_kind":"plain","required":true},"id":{"type":"string","description_kind":"plain","optional":true,"computed":true},"name":{"type":"string","description_kind":"plain","required":true}},"description":"Customization --- Manage Radius Provider Property mappings","description_kind":"markdown"}},"authentik_property_mapping_provider_saml":{"version":0,"block":{"attributes":{"expression":{"type":"string","description_kind":"plain","required":true},"friendly_name":{"type":"string","description_kind":"plain","optional":true},"id":{"type":"string","description_kind":"plain","optional":true,"computed":true},"name":{"type":"string","description_kind":"plain","required":true},"saml_name":{"type":"string","description_kind":"plain","required":true}},"description":"Customization --- Manage SAML Provider Property mappings","description_kind":"markdown"}},"authentik_property_mapping_provider_scim":{"version":0,"block":{"attributes":{"expression":{"type":"string","description_kind":"plain","required":true},"id":{"type":"string","description_kind":"plain","optional":true,"computed":true},"name":{"type":"string","description_kind":"plain","required":true}},"description":"Customization --- Manage SCIM Provider Property mappings","description_kind":"markdown"}},"authentik_property_mapping_provider_scope":{"version":0,"block":{"attributes":{"description":{"type":"string","description_kind":"plain","optional":true},"expression":{"type":"string","description_kind":"plain","required":true},"id":{"type":"string","description_kind":"plain","optional":true,"computed":true},"name":{"type":"string","description_kind":"plain","required":true},"scope_name":{"type":"string","description_kind":"plain","required":true}},"description":"Customization --- Manage Scope Provider Property mappings","description_kind":"markdown"}},"authentik_property_mapping_source_kerberos":{"version":0,"block":{"attributes":{"expression":{"type":"string","description_kind":"plain","required":true},"id":{"type":"string","description_kind":"plain","optional":true,"computed":true},"name":{"type":"string","description_kind":"plain","required":true}},"description":"Customization --- Manage Kerberos Source Property mappings","description_kind":"markdown"}},"authentik_property_mapping_source_ldap":{"version":0,"block":{"attributes":{"expression":{"type":"string","description_kind":"plain","required":true},"id":{"type":"string","description_kind":"plain","optional":true,"computed":true},"name":{"type":"string","description_kind":"plain","required":true}},"description":"Customization --- Manage LDAP Source Property mappings","description_kind":"markdown"}},"authentik_property_mapping_source_oauth":{"version":0,"block":{"attributes":{"expression":{"type":"string","description_kind":"plain","required":true},"id":{"type":"string","description_kind":"plain","optional":true,"computed":true},"name":{"type":"string","description_kind":"plain","required":true}},"description":"Customization --- Manage OAuth Source Property mappings","description_kind":"markdown"}},"authentik_property_mapping_source_plex":{"version":0,"block":{"attributes":{"expression":{"type":"string","description_kind":"plain","required":true},"id":{"type":"string","description_kind":"plain","optional":true,"computed":true},"name":{"type":"string","description_kind":"plain","required":true}},"description":"Customization --- Manage Plex Source Property mappings","description_kind":"markdown"}},"authentik_property_mapping_source_saml":{"version":0,"block":{"attributes":{"expression":{"type":"string","description_kind":"plain","required":true},"id":{"type":"string","description_kind":"plain","optional":true,"computed":true},"name":{"type":"string","description_kind":"plain","required":true}},"description":"Customization --- Manage SAML Source Property mappings","description_kind":"markdown"}},"authentik_property_mapping_source_scim":{"version":0,"block":{"attributes":{"expression":{"type":"string","description_kind":"plain","required":true},"id":{"type":"string","description_kind":"plain","optional":true,"computed":true},"name":{"type":"string","description_kind":"plain","required":true}},"description":"Customization --- Manage SCIM Source Property mappings","description_kind":"markdown"}},"authentik_provider_google_workspace":{"version":0,"block":{"attributes":{"credentials":{"type":"string","description":"JSON format expected. Use `jsonencode()` to pass objects. Defaults to `{}`.","description_kind":"markdown","optional":true},"default_group_email_domain":{"type":"string","description_kind":"plain","required":true},"delegated_subject":{"type":"string","description_kind":"plain","optional":true},"dry_run":{"type":"bool","description":"Defaults to `false`.","description_kind":"markdown","optional":true},"exclude_users_service_account":{"type":"bool","description_kind":"plain","optional":true},"filter_group":{"type":"string","description_kind":"plain","optional":true},"group_delete_action":{"type":"string","description":"Allowed values:\n  - `delete`\n  - `do_nothing`\n Defaults to `delete`.","description_kind":"markdown","optional":true},"id":{"type":"string","description_kind":"plain","optional":true,"computed":true},"name":{"type":"string","description_kind":"plain","required":true},"property_mappings":{"type":["list","string"],"description_kind":"plain","optional":true},"property_mappings_group":{"type":["list","string"],"description_kind":"plain","optional":true},"sync_page_size":{"type":"number","description":"Defaults to `100`.","description_kind":"markdown","optional":true},"sync_page_timeout":{"type":"string","description":"Format: hours=1;minutes=2;seconds=3. Defaults to `minutes=30`.","description_kind":"markdown","optional":true},"user_delete_action":{"type":"string","description":"Allowed values:\n  - `do_nothing`\n  - `delete`\n  - `suspend`\n Defaults to `delete`.","description_kind":"markdown","optional":true}},"description":"Applications --- ","description_kind":"markdown"}},"authentik_provider_ldap":{"version":0,"block":{"attributes":{"base_dn":{"type":"string","description_kind":"plain","required":true},"bind_flow":{"type":"string","description_kind":"plain","required":true},"bind_mode":{"type":"string","description":"Defaults to `direct`.","description_kind":"markdown","optional":true},"certificate":{"type":"string","description_kind":"plain","optional":true},"gid_start_number":{"type":"number","description":"Defaults to `4000`.","description_kind":"markdown","optional":true},"id":{"type":"string","description_kind":"plain","optional":true,"computed":true},"mfa_support":{"type":"bool","description":"Defaults to `true`.","description_kind":"markdown","optional":true},"name":{"type":"string","description_kind":"plain","required":true},"search_mode":{"type":"string","description":"Defaults to `direct`.","description_kind":"markdown","optional":true},"tls_server_name":{"type":"string","description_kind":"plain","optional":true},"uid_start_number":{"type":"number","description":"Defaults to `2000`.","description_kind":"markdown","optional":true},"unbind_flow":{"type":"string","description_kind":"plain","required":true}},"description":"Applications --- ","description_kind":"markdown"}},"authentik_provider_microsoft_entra":{"version":0,"block":{"attributes":{"client_id":{"type":"string","description_kind":"plain","required":true},"client_secret":{"type":"string","description_kind":"plain","required":true,"sensitive":true},"dry_run":{"type":"bool","description":"Defaults to `false`.","description_kind":"markdown","optional":true},"exclude_users_service_account":{"type":"bool","description_kind":"plain","optional":true},"filter_group":{"type":"string","description_kind":"plain","optional":true},"group_delete_action":{"type":"string","description":"Allowed values:\n  - `delete`\n  - `do_nothing`\n Defaults to `delete`.","description_kind":"markdown","optional":true},"id":{"type":"string","description_kind":"plain","optional":true,"computed":true},"name":{"type":"string","description_kind":"plain","required":true},"property_mappings":{"type":["list","string"],"description_kind":"plain","optional":true},"property_mappings_group":{"type":["list","string"],"description_kind":"plain","optional":true},"sync_page_size":{"type":"number","description":"Defaults to `100`.","description_kind":"markdown","optional":true},"sync_page_timeout":{"type":"string","description":"Format: hours=1;minutes=2;seconds=3. Defaults to `minutes=30`.","description_kind":"markdown","optional":true},"tenant_id":{"type":"string","description_kind":"plain","required":true},"user_delete_action":{"type":"string","description":"Allowed values:\n  - `delete`\n  - `do_nothing`\n Defaults to `delete`.","description_kind":"markdown","optional":true}},"description":"Applications --- ","description_kind":"markdown"}},"authentik_provider_oauth2":{"version":0,"block":{"attributes":{"access_code_validity":{"type":"string","description":"Format: hours=1;minutes=2;seconds=3. Defaults to `minutes=1`.","description_kind":"markdown","optional":true},"access_token_validity":{"type":"string","description":"Format: hours=1;minutes=2;seconds=3. Defaults to `minutes=10`.","description_kind":"markdown","optional":true},"allowed_redirect_uris":{"type":["list",["map","string"]],"description_kind":"plain","optional":true},"authentication_flow":{"type":"string","description_kind":"plain","optional":true},"authorization_flow":{"type":"string","description_kind":"plain","required":true},"client_id":{"type":"string","description_kind":"plain","required":true},"client_secret":{"type":"string","description":"Generated.","description_kind":"markdown","optional":true,"computed":true,"sensitive":true},"client_type":{"type":"string","description":"Allowed values:\n  - `confidential`\n  - `public`\n Defaults to `confidential`.","description_kind":"markdown","optional":true},"encryption_key":{"type":"string","description_kind":"plain","optional":true},"id":{"type":"string","description_kind":"plain","optional":true,"computed":true},"include_claims_in_id_token":{"type":"bool","description":"Defaults to `true`.","description_kind":"markdown","optional":true},"invalidation_flow":{"type":"string","description_kind":"plain","required":true},"issuer_mode":{"type":"string","description":"Allowed values:\n  - `global`\n  - `per_provider`\n Defaults to `per_provider`.","description_kind":"markdown","optional":true},"jwks_sources":{"type":["list","string"],"description":"Deprecated. Use `jwt_federation_sources` instead.","description_kind":"markdown","optional":true},"jwt_federation_providers":{"type":["list","number"],"description":"JWTs issued by any of the configured providers can be used to authenticate on behalf of this provider.","description_kind":"markdown","optional":true},"jwt_federation_sources":{"type":["list","string"],"description":"JWTs issued by keys configured in any of the selected sources can be used to authenticate on behalf of this provider.","description_kind":"markdown","optional":true},"logout_method":{"type":"string","description":"Allowed values:\n  - `backchannel`\n  - `frontchannel`\n Defaults to `backchannel`.","description_kind":"markdown","optional":true},"logout_uri":{"type":"string","description_kind":"plain","optional":true},"name":{"type":"string","description_kind":"plain","required":true},"property_mappings":{"type":["list","string"],"description_kind":"plain","optional":true},"refresh_token_threshold":{"type":"string","description":"Format: hours=1;minutes=2;seconds=3. Defaults to `seconds=0`.","description_kind":"markdown","optional":true},"refresh_token_validity":{"type":"string","description":"Format: hours=1;minutes=2;seconds=3. Defaults to `days=30`.","description_kind":"markdown","optional":true},"signing_key":{"type":"string","description_kind":"plain","optional":true},"sub_mode":{"type":"string","description":"Allowed values:\n  - `hashed_user_id`\n  - `user_id`\n  - `user_uuid`\n  - `user_username`\n  - `user_email`\n  - `user_upn`\n Defaults to `hashed_user_id`.","description_kind":"markdown","optional":true}},"description":"Applications --- ","description_kind":"markdown"}},"authentik_provider_proxy":{"version":0,"block":{"attributes":{"access_token_validity":{"type":"string","description":"Format: hours=1;minutes=2;seconds=3. Defaults to `minutes=10`.","description_kind":"markdown","optional":true},"authentication_flow":{"type":"string","description_kind":"plain","optional":true},"authorization_flow":{"type":"string","description_kind":"plain","required":true},"basic_auth_enabled":{"type":"bool","description":"Defaults to `false`.","description_kind":"markdown","optional":true},"basic_auth_password_attribute":{"type":"string","description_kind":"plain","optional":true},"basic_auth_username_attribute":{"type":"string","description_kind":"plain","optional":true},"client_id":{"type":"string","description":"Generated.","description_kind":"markdown","computed":true},"cookie_domain":{"type":"string","description_kind":"plain","optional":true},"external_host":{"type":"string","description_kind":"plain","required":true},"id":{"type":"string","description_kind":"plain","optional":true,"computed":true},"intercept_header_auth":{"type":"bool","description":"Defaults to `true`.","description_kind":"markdown","optional":true},"internal_host":{"type":"string","description_kind":"plain","optional":true},"internal_host_ssl_validation":{"type":"bool","description":"Defaults to `true`.","description_kind":"markdown","optional":true},"invalidation_flow":{"type":"string","description_kind":"plain","required":true},"jwks_sources":{"type":["list","string"],"description":"Deprecated. Use `jwt_federation_sources` instead.","description_kind":"markdown","optional":true},"jwt_federation_providers":{"type":["list","number"],"description":"JWTs issued by any of the configured providers can be used to authenticate on behalf of this provider.","description_kind":"markdown","optional":true},"jwt_federation_sources":{"type":["list","string"],"description":"JWTs issued by keys configured in any of the selected sources can be used to authenticate on behalf of this provider.","description_kind":"markdown","optional":true},"mode":{"type":"string","description":"Allowed values:\n  - `proxy`\n  - `forward_single`\n  - `forward_domain`\n Defaults to `proxy`.","description_kind":"markdown","optional":true},"name":{"type":"string","description_kind":"plain","required":true},"property_mappings":{"type":["list","string"],"description_kind":"plain","optional":true},"refresh_token_validity":{"type":"string","description":"Format: hours=1;minutes=2;seconds=3. Defaults to `days=30`.","description_kind":"markdown","optional":true},"skip_path_regex":{"type":"string","description_kind":"plain","optional":true}},"description":"Applications --- ","description_kind":"markdown"}},"authentik_provider_rac":{"version":0,"block":{"attributes":{"authentication_flow":{"type":"string","description_kind":"plain","optional":true},"authorization_flow":{"type":"string","description_kind":"plain","required":true},"connection_expiry":{"type":"string","description":"Format: hours=1;minutes=2;seconds=3. Defaults to `seconds=0`.","description_kind":"markdown","optional":true},"id":{"type":"string","description_kind":"plain","optional":true,"computed":true},"name":{"type":"string","description_kind":"plain","required":true},"property_mappings":{"type":["list","string"],"description_kind":"plain","optional":true},"settings":{"type":"string","description":"JSON format expected. Use `jsonencode()` to pass objects. Defaults to `{}`.","description_kind":"markdown","optional":true}},"description":"Applications --- ","description_kind":"markdown"}},"authentik_provider_radius":{"version":0,"block":{"attributes":{"authorization_flow":{"type":"string","description_kind":"plain","required":true},"certificate":{"type":"string","description_kind":"plain","optional":true},"client_networks":{"type":"string","description":"Defaults to `0.0.0.0/0, ::/0`.","description_kind":"markdown","optional":true},"id":{"type":"string","description_kind":"plain","optional":true,"computed":true},"invalidation_flow":{"type":"string","description_kind":"plain","required":true},"mfa_support":{"type":"bool","description":"Defaults to `true`.","description_kind":"markdown","optional":true},"name":{"type":"string","description_kind":"plain","required":true},"property_mappings":{"type":["list","string"],"description_kind":"plain","optional":true},"shared_secret":{"type":"string","description_kind":"plain","required":true,"sensitive":true}},"description":"Applications --- ","description_kind":"markdown"}},"authentik_provider_saml":{"version":0,"block":{"attributes":{"acs_url":{"type":"string","description_kind":"plain","required":true},"assertion_valid_not_before":{"type":"string","description":"Format: hours=1;minutes=2;seconds=3. Defaults to `minutes=-5`.","description_kind":"markdown","optional":true},"assertion_valid_not_on_or_after":{"type":"string","description":"Format: hours=1;minutes=2;seconds=3. Defaults to `minutes=5`.","description_kind":"markdown","optional":true},"audience":{"type":"string","description":"Defaults to ``.","description_kind":"markdown","optional":true},"authentication_flow":{"type":"string","description_kind":"plain","optional":true},"authn_context_class_ref_mapping":{"type":"string","description_kind":"plain","optional":true},"authorization_flow":{"type":"string","description_kind":"plain","required":true},"default_relay_state":{"type":"string","description":"Defaults to ``.","description_kind":"markdown","optional":true},"digest_algorithm":{"type":"string","description":"Allowed values:\n  - `http://www.w3.org/2000/09/xmldsig#sha1`\n  - `http://www.w3.org/2001/04/xmlenc#sha256`\n  - `http://www.w3.org/2001/04/xmldsig-more#sha384`\n  - `http://www.w3.org/2001/04/xmlenc#sha512`\n Defaults to `http://www.w3.org/2001/04/xmlenc#sha256`.","description_kind":"markdown","optional":true},"encryption_kp":{"type":"string","description_kind":"plain","optional":true},"id":{"type":"string","description_kind":"plain","optional":true,"computed":true},"invalidation_flow":{"type":"string","description_kind":"plain","required":true},"issuer":{"type":"string","description":"Defaults to `authentik`.","description_kind":"markdown","optional":true},"logout_method":{"type":"string","description":"Allowed values:\n  - `frontchannel_iframe`\n  - `frontchannel_native`\n  - `backchannel`\n Defaults to `frontchannel_iframe`.","description_kind":"markdown","optional":true},"name":{"type":"string","description_kind":"plain","required":true},"name_id_mapping":{"type":"string","description_kind":"plain","optional":true},"property_mappings":{"type":["list","string"],"description_kind":"plain","optional":true},"session_valid_not_on_or_after":{"type":"string","description":"Format: hours=1;minutes=2;seconds=3. Defaults to `minutes=86400`.","description_kind":"markdown","optional":true},"sign_assertion":{"type":"bool","description":"Defaults to `true`.","description_kind":"markdown","optional":true},"sign_logout_request":{"type":"bool","description":"Defaults to `false`.","description_kind":"markdown","optional":true},"sign_response":{"type":"bool","description":"Defaults to `false`.","description_kind":"markdown","optional":true},"signature_algorithm":{"type":"string","description":"Allowed values:\n  - `http://www.w3.org/2000/09/xmldsig#rsa-sha1`\n  - `http://www.w3.org/2001/04/xmldsig-more#rsa-sha256`\n  - `http://www.w3.org/2001/04/xmldsig-more#rsa-sha384`\n  - `http://www.w3.org/2001/04/xmldsig-more#rsa-sha512`\n  - `http://www.w3.org/2001/04/xmldsig-more#ecdsa-sha1`\n  - `http://www.w3.org/2001/04/xmldsig-more#ecdsa-sha256`\n  - `http://www.w3.org/2001/04/xmldsig-more#ecdsa-sha384`\n  - `http://www.w3.org/2001/04/xmldsig-more#ecdsa-sha512`\n  - `http://www.w3.org/2000/09/xmldsig#dsa-sha1`\n Defaults to `http://www.w3.org/2001/04/xmldsig-more#rsa-sha256`.","description_kind":"markdown","optional":true},"signing_kp":{"type":"string","description_kind":"plain","optional":true},"sls_binding":{"type":"string","description":"Allowed values:\n  - `redirect`\n  - `post`\n Defaults to `redirect`.","description_kind":"markdown","optional":true},"sls_url":{"type":"string","description_kind":"plain","optional":true},"sp_binding":{"type":"string","description":"Allowed values:\n  - `redirect`\n  - `post`\n Defaults to `redirect`.","description_kind":"markdown","optional":true},"url_slo_post":{"type":"string","description":"Generated.","description_kind":"markdown","optional":true,"computed":true},"url_slo_redirect":{"type":"string","description":"Generated.","description_kind":"markdown","optional":true,"computed":true},"url_sso_init":{"type":"string","description":"Generated.","description_kind":"markdown","optional":true,"computed":true},"url_sso_post":{"type":"string","description":"Generated.","description_kind":"markdown","optional":true,"computed":true},"url_sso_redirect":{"type":"string","description":"Generated.","description_kind":"markdown","optional":true,"computed":true},"verification_kp":{"type":"string","description_kind":"plain","optional":true}},"description":"Applications --- ","description_kind":"markdown"}},"authentik_provider_scim":{"version":0,"block":{"attributes":{"auth_mode":{"type":"string","description":"Allowed values:\n  - `token`\n  - `oauth`\n Defaults to `token`.","description_kind":"markdown","optional":true},"auth_oauth":{"type":"string","description":"Slug of an OAuth source used for authentication","description_kind":"markdown","optional":true},"auth_oauth_params":{"type":"string","description":"JSON format expected. Use `jsonencode()` to pass objects. Defaults to `{}`.","description_kind":"markdown","optional":true},"compatibility_mode":{"type":"string","description":"Allowed values:\n  - `default`\n  - `aws`\n  - `slack`\n  - `sfdc`\n Defaults to `default`.","description_kind":"markdown","optional":true},"dry_run":{"type":"bool","description":"Defaults to `false`.","description_kind":"markdown","optional":true},"exclude_users_service_account":{"type":"bool","description_kind":"plain","optional":true},"filter_group":{"type":"string","description_kind":"plain","optional":true},"id":{"type":"string","description_kind":"plain","optional":true,"computed":true},"name":{"type":"string","description_kind":"plain","required":true},"property_mappings":{"type":["list","string"],"description_kind":"plain","optional":true},"property_mappings_group":{"type":["list","string"],"description_kind":"plain","optional":true},"service_provider_config_cache_timeout":{"type":"string","description":"Format: hours=1;minutes=2;seconds=3. Defaults to `hours=1`.","description_kind":"markdown","optional":true},"sync_page_size":{"type":"number","description":"Defaults to `100`.","description_kind":"markdown","optional":true},"sync_page_timeout":{"type":"string","description":"Format: hours=1;minutes=2;seconds=3. Defaults to `minutes=30`.","description_kind":"markdown","optional":true},"token":{"type":"string","description_kind":"plain","optional":true,"sensitive":true},"url":{"type":"string","description_kind":"plain","required":true}},"description":"Applications --- ","description_kind":"markdown"}},"authentik_provider_ssf":{"version":0,"block":{"attributes":{"event_retention":{"type":"string","description":"Format: hours=1;minutes=2;seconds=3. Defaults to `days=30`.","description_kind":"markdown","optional":true},"id":{"type":"string","description_kind":"plain","optional":true,"computed":true},"jwt_federation_providers":{"type":["list","number"],"description":"JWTs issued by any of the configured providers can be used to authenticate on behalf of this provider.","description_kind":"markdown","optional":true},"name":{"type":"string","description_kind":"plain","required":true},"signing_key":{"type":"string","description_kind":"plain","optional":true}},"description":"Applications --- ","description_kind":"markdown"}},"authentik_rac_endpoint":{"version":0,"block":{"attributes":{"host":{"type":"string","description_kind":"plain","required":true},"id":{"type":"string","description_kind":"plain","optional":true,"computed":true},"maximum_connections":{"type":"number","description":"Defaults to `0`.","description_kind":"markdown","optional":true},"name":{"type":"string","description_kind":"plain","required":true},"property_mappings":{"type":["list","string"],"description_kind":"plain","optional":true},"protocol":{"type":"string","description":"Allowed values:\n  - `rdp`\n  - `vnc`\n  - `ssh`","description_kind":"markdown","required":true},"protocol_provider":{"type":"number","description_kind":"plain","required":true},"settings":{"type":"string","description":"JSON format expected. Use `jsonencode()` to pass objects. Defaults to `{}`.","description_kind":"markdown","optional":true}},"description":"Applications --- ","description_kind":"markdown"}},"authentik_rbac_initial_permissions":{"version":0,"block":{"attributes":{"id":{"type":"string","description_kind":"plain","optional":true,"computed":true},"name":{"type":"string","description_kind":"plain","required":true},"permissions":{"type":["list","number"],"description_kind":"plain","required":true},"role":{"type":"string","description_kind":"plain","required":true}},"description":"RBAC --- ","description_kind":"markdown"}},"authentik_rbac_permission_role":{"version":0,"block":{"attributes":{"id":{"type":"string","description_kind":"plain","optional":true,"computed":true},"model":{"type":"string","description":"Allowed values:\n  - `authentik_tenants.domain`\n  - `authentik_core.group`\n  - `authentik_core.user`\n  - `authentik_core.application`\n  - `authentik_core.applicationentitlement`\n  - `authentik_core.token`\n  - `authentik_crypto.certificatekeypair`\n  - `authentik_endpoints.deviceuserbinding`\n  - `authentik_endpoints.deviceaccessgroup`\n  - `authentik_endpoints.endpointstage`\n  - `authentik_endpoints_connectors_agent.agentconnector`\n  - `authentik_endpoints_connectors_agent.agentdeviceuserbinding`\n  - `authentik_endpoints_connectors_agent.enrollmenttoken`\n  - `authentik_enterprise.license`\n  - `authentik_events.event`\n  - `authentik_events.notificationtransport`\n  - `authentik_events.notification`\n  - `authentik_events.notificationrule`\n  - `authentik_events.notificationwebhookmapping`\n  - `authentik_flows.flow`\n  - `authentik_flows.flowstagebinding`\n  - `authentik_outposts.dockerserviceconnection`\n  - `authentik_outposts.kubernetesserviceconnection`\n  - `authentik_outposts.outpost`\n  - `authentik_policies_dummy.dummypolicy`\n  - `authentik_policies_event_matcher.eventmatcherpolicy`\n  - `authentik_policies_expiry.passwordexpirypolicy`\n  - `authentik_policies_expression.expressionpolicy`\n  - `authentik_policies_geoip.geoippolicy`\n  - `authentik_policies_password.passwordpolicy`\n  - `authentik_policies_reputation.reputationpolicy`\n  - `authentik_policies.policybinding`\n  - `authentik_providers_ldap.ldapprovider`\n  - `authentik_providers_oauth2.scopemapping`\n  - `authentik_providers_oauth2.oauth2provider`\n  - `authentik_providers_proxy.proxyprovider`\n  - `authentik_providers_rac.racprovider`\n  - `authentik_providers_rac.endpoint`\n  - `authentik_providers_rac.racpropertymapping`\n  - `authentik_providers_radius.radiusprovider`\n  - `authentik_providers_radius.radiusproviderpropertymapping`\n  - `authentik_providers_saml.samlprovider`\n  - `authentik_providers_saml.samlpropertymapping`\n  - `authentik_providers_scim.scimprovider`\n  - `authentik_providers_scim.scimmapping`\n  - `authentik_rbac.role`\n  - `authentik_rbac.initialpermissions`\n  - `authentik_sources_kerberos.kerberossource`\n  - `authentik_sources_kerberos.kerberossourcepropertymapping`\n  - `authentik_sources_kerberos.userkerberossourceconnection`\n  - `authentik_sources_kerberos.groupkerberossourceconnection`\n  - `authentik_sources_ldap.ldapsource`\n  - `authentik_sources_ldap.ldapsourcepropertymapping`\n  - `authentik_sources_ldap.userldapsourceconnection`\n  - `authentik_sources_ldap.groupldapsourceconnection`\n  - `authentik_sources_oauth.oauthsource`\n  - `authentik_sources_oauth.oauthsourcepropertymapping`\n  - `authentik_sources_oauth.useroauthsourceconnection`\n  - `authentik_sources_oauth.groupoauthsourceconnection`\n  - `authentik_sources_plex.plexsource`\n  - `authentik_sources_plex.plexsourcepropertymapping`\n  - `authentik_sources_plex.userplexsourceconnection`\n  - `authentik_sources_plex.groupplexsourceconnection`\n  - `authentik_sources_saml.samlsource`\n  - `authentik_sources_saml.samlsourcepropertymapping`\n  - `authentik_sources_saml.usersamlsourceconnection`\n  - `authentik_sources_saml.groupsamlsourceconnection`\n  - `authentik_sources_scim.scimsource`\n  - `authentik_sources_scim.scimsourcepropertymapping`\n  - `authentik_sources_telegram.telegramsource`\n  - `authentik_sources_telegram.telegramsourcepropertymapping`\n  - `authentik_sources_telegram.usertelegramsourceconnection`\n  - `authentik_sources_telegram.grouptelegramsourceconnection`\n  - `authentik_stages_authenticator_duo.authenticatorduostage`\n  - `authentik_stages_authenticator_duo.duodevice`\n  - `authentik_stages_authenticator_email.authenticatoremailstage`\n  - `authentik_stages_authenticator_email.emaildevice`\n  - `authentik_stages_authenticator_sms.authenticatorsmsstage`\n  - `authentik_stages_authenticator_sms.smsdevice`\n  - `authentik_stages_authenticator_static.authenticatorstaticstage`\n  - `authentik_stages_authenticator_static.staticdevice`\n  - `authentik_stages_authenticator_totp.authenticatortotpstage`\n  - `authentik_stages_authenticator_totp.totpdevice`\n  - `authentik_stages_authenticator_validate.authenticatorvalidatestage`\n  - `authentik_stages_authenticator_webauthn.authenticatorwebauthnstage`\n  - `authentik_stages_authenticator_webauthn.webauthndevice`\n  - `authentik_stages_captcha.captchastage`\n  - `authentik_stages_consent.consentstage`\n  - `authentik_stages_deny.denystage`\n  - `authentik_stages_dummy.dummystage`\n  - `authentik_stages_email.emailstage`\n  - `authentik_stages_identification.identificationstage`\n  - `authentik_stages_invitation.invitationstage`\n  - `authentik_stages_invitation.invitation`\n  - `authentik_stages_password.passwordstage`\n  - `authentik_stages_prompt.prompt`\n  - `authentik_stages_prompt.promptstage`\n  - `authentik_stages_redirect.redirectstage`\n  - `authentik_stages_user_delete.userdeletestage`\n  - `authentik_stages_user_login.userloginstage`\n  - `authentik_stages_user_logout.userlogoutstage`\n  - `authentik_stages_user_write.userwritestage`\n  - `authentik_tasks_schedules.schedule`\n  - `authentik_brands.brand`\n  - `authentik_blueprints.blueprintinstance`\n  - `authentik_policies_unique_password.uniquepasswordpolicy`\n  - `authentik_providers_google_workspace.googleworkspaceprovider`\n  - `authentik_providers_google_workspace.googleworkspaceprovidermapping`\n  - `authentik_providers_microsoft_entra.microsoftentraprovider`\n  - `authentik_providers_microsoft_entra.microsoftentraprovidermapping`\n  - `authentik_providers_ssf.ssfprovider`\n  - `authentik_reports.dataexport`\n  - `authentik_stages_authenticator_endpoint_gdtc.authenticatorendpointgdtcstage`\n  - `authentik_stages_mtls.mutualtlsstage`\n  - `authentik_stages_source.sourcestage`","description_kind":"markdown","optional":true},"object_id":{"type":"string","description_kind":"plain","optional":true},"permission":{"type":"string","description_kind":"plain","required":true},"role":{"type":"string","description_kind":"plain","required":true}},"description":"RBAC --- ","description_kind":"markdown"}},"authentik_rbac_permission_user":{"version":0,"block":{"attributes":{"id":{"type":"string","description_kind":"plain","optional":true,"computed":true},"model":{"type":"string","description":"Allowed values:\n  - `authentik_tenants.domain`\n  - `authentik_core.group`\n  - `authentik_core.user`\n  - `authentik_core.application`\n  - `authentik_core.applicationentitlement`\n  - `authentik_core.token`\n  - `authentik_crypto.certificatekeypair`\n  - `authentik_endpoints.deviceuserbinding`\n  - `authentik_endpoints.deviceaccessgroup`\n  - `authentik_endpoints.endpointstage`\n  - `authentik_endpoints_connectors_agent.agentconnector`\n  - `authentik_endpoints_connectors_agent.agentdeviceuserbinding`\n  - `authentik_endpoints_connectors_agent.enrollmenttoken`\n  - `authentik_enterprise.license`\n  - `authentik_events.event`\n  - `authentik_events.notificationtransport`\n  - `authentik_events.notification`\n  - `authentik_events.notificationrule`\n  - `authentik_events.notificationwebhookmapping`\n  - `authentik_flows.flow`\n  - `authentik_flows.flowstagebinding`\n  - `authentik_outposts.dockerserviceconnection`\n  - `authentik_outposts.kubernetesserviceconnection`\n  - `authentik_outposts.outpost`\n  - `authentik_policies_dummy.dummypolicy`\n  - `authentik_policies_event_matcher.eventmatcherpolicy`\n  - `authentik_policies_expiry.passwordexpirypolicy`\n  - `authentik_policies_expression.expressionpolicy`\n  - `authentik_policies_geoip.geoippolicy`\n  - `authentik_policies_password.passwordpolicy`\n  - `authentik_policies_reputation.reputationpolicy`\n  - `authentik_policies.policybinding`\n  - `authentik_providers_ldap.ldapprovider`\n  - `authentik_providers_oauth2.scopemapping`\n  - `authentik_providers_oauth2.oauth2provider`\n  - `authentik_providers_proxy.proxyprovider`\n  - `authentik_providers_rac.racprovider`\n  - `authentik_providers_rac.endpoint`\n  - `authentik_providers_rac.racpropertymapping`\n  - `authentik_providers_radius.radiusprovider`\n  - `authentik_providers_radius.radiusproviderpropertymapping`\n  - `authentik_providers_saml.samlprovider`\n  - `authentik_providers_saml.samlpropertymapping`\n  - `authentik_providers_scim.scimprovider`\n  - `authentik_providers_scim.scimmapping`\n  - `authentik_rbac.role`\n  - `authentik_rbac.initialpermissions`\n  - `authentik_sources_kerberos.kerberossource`\n  - `authentik_sources_kerberos.kerberossourcepropertymapping`\n  - `authentik_sources_kerberos.userkerberossourceconnection`\n  - `authentik_sources_kerberos.groupkerberossourceconnection`\n  - `authentik_sources_ldap.ldapsource`\n  - `authentik_sources_ldap.ldapsourcepropertymapping`\n  - `authentik_sources_ldap.userldapsourceconnection`\n  - `authentik_sources_ldap.groupldapsourceconnection`\n  - `authentik_sources_oauth.oauthsource`\n  - `authentik_sources_oauth.oauthsourcepropertymapping`\n  - `authentik_sources_oauth.useroauthsourceconnection`\n  - `authentik_sources_oauth.groupoauthsourceconnection`\n  - `authentik_sources_plex.plexsource`\n  - `authentik_sources_plex.plexsourcepropertymapping`\n  - `authentik_sources_plex.userplexsourceconnection`\n  - `authentik_sources_plex.groupplexsourceconnection`\n  - `authentik_sources_saml.samlsource`\n  - `authentik_sources_saml.samlsourcepropertymapping`\n  - `authentik_sources_saml.usersamlsourceconnection`\n  - `authentik_sources_saml.groupsamlsourceconnection`\n  - `authentik_sources_scim.scimsource`\n  - `authentik_sources_scim.scimsourcepropertymapping`\n  - `authentik_sources_telegram.telegramsource`\n  - `authentik_sources_telegram.telegramsourcepropertymapping`\n  - `authentik_sources_telegram.usertelegramsourceconnection`\n  - `authentik_sources_telegram.grouptelegramsourceconnection`\n  - `authentik_stages_authenticator_duo.authenticatorduostage`\n  - `authentik_stages_authenticator_duo.duodevice`\n  - `authentik_stages_authenticator_email.authenticatoremailstage`\n  - `authentik_stages_authenticator_email.emaildevice`\n  - `authentik_stages_authenticator_sms.authenticatorsmsstage`\n  - `authentik_stages_authenticator_sms.smsdevice`\n  - `authentik_stages_authenticator_static.authenticatorstaticstage`\n  - `authentik_stages_authenticator_static.staticdevice`\n  - `authentik_stages_authenticator_totp.authenticatortotpstage`\n  - `authentik_stages_authenticator_totp.totpdevice`\n  - `authentik_stages_authenticator_validate.authenticatorvalidatestage`\n  - `authentik_stages_authenticator_webauthn.authenticatorwebauthnstage`\n  - `authentik_stages_authenticator_webauthn.webauthndevice`\n  - `authentik_stages_captcha.captchastage`\n  - `authentik_stages_consent.consentstage`\n  - `authentik_stages_deny.denystage`\n  - `authentik_stages_dummy.dummystage`\n  - `authentik_stages_email.emailstage`\n  - `authentik_stages_identification.identificationstage`\n  - `authentik_stages_invitation.invitationstage`\n  - `authentik_stages_invitation.invitation`\n  - `authentik_stages_password.passwordstage`\n  - `authentik_stages_prompt.prompt`\n  - `authentik_stages_prompt.promptstage`\n  - `authentik_stages_redirect.redirectstage`\n  - `authentik_stages_user_delete.userdeletestage`\n  - `authentik_stages_user_login.userloginstage`\n  - `authentik_stages_user_logout.userlogoutstage`\n  - `authentik_stages_user_write.userwritestage`\n  - `authentik_tasks_schedules.schedule`\n  - `authentik_brands.brand`\n  - `authentik_blueprints.blueprintinstance`\n  - `authentik_policies_unique_password.uniquepasswordpolicy`\n  - `authentik_providers_google_workspace.googleworkspaceprovider`\n  - `authentik_providers_google_workspace.googleworkspaceprovidermapping`\n  - `authentik_providers_microsoft_entra.microsoftentraprovider`\n  - `authentik_providers_microsoft_entra.microsoftentraprovidermapping`\n  - `authentik_providers_ssf.ssfprovider`\n  - `authentik_reports.dataexport`\n  - `authentik_stages_authenticator_endpoint_gdtc.authenticatorendpointgdtcstage`\n  - `authentik_stages_mtls.mutualtlsstage`\n  - `authentik_stages_source.sourcestage`","description_kind":"markdown","optional":true},"object_id":{"type":"string","description_kind":"plain","optional":true},"permission":{"type":"string","description_kind":"plain","required":true},"user":{"type":"number","description_kind":"plain","required":true}},"description":"RBAC --- \n\n~\u003e This resource is deprecated. Migrate to `authentik_rbac_permission_role`.","description_kind":"markdown","deprecated":true}},"authentik_rbac_role":{"version":0,"block":{"attributes":{"id":{"type":"string","description_kind":"plain","optional":true,"computed":true},"name":{"type":"string","description_kind":"plain","required":true}},"description":"RBAC --- ","description_kind":"markdown"}},"authentik_service_connection_docker":{"version":0,"block":{"attributes":{"id":{"type":"string","description_kind":"plain","optional":true,"computed":true},"local":{"type":"bool","description":"Defaults to `false`.","description_kind":"markdown","optional":true},"name":{"type":"string","description_kind":"plain","required":true},"tls_authentication":{"type":"string","description_kind":"plain","optional":true},"tls_verification":{"type":"string","description_kind":"plain","optional":true},"url":{"type":"string","description":"Defaults to `http+unix:///var/run/docker.sock`.","description_kind":"markdown","optional":true}},"description":"Applications --- ","description_kind":"markdown"}},"authentik_service_connection_kubernetes":{"version":0,"block":{"attributes":{"id":{"type":"string","description_kind":"plain","optional":true,"computed":true},"kubeconfig":{"type":"string","description":"JSON format expected. Use `jsonencode()` to pass objects. Defaults to `{}`.","description_kind":"markdown","optional":true,"sensitive":true},"local":{"type":"bool","description":"Defaults to `false`.","description_kind":"markdown","optional":true},"name":{"type":"string","description_kind":"plain","required":true},"verify_ssl":{"type":"bool","description":"Defaults to `true`.","description_kind":"markdown","optional":true}},"description":"Applications --- ","description_kind":"markdown"}},"authentik_source_kerberos":{"version":0,"block":{"attributes":{"authentication_flow":{"type":"string","description_kind":"plain","optional":true},"enabled":{"type":"bool","description":"Defaults to `true`.","description_kind":"markdown","optional":true},"enrollment_flow":{"type":"string","description_kind":"plain","optional":true},"group_matching_mode":{"type":"string","description":"Allowed values:\n  - `identifier`\n  - `name_link`\n  - `name_deny`\n Defaults to `identifier`.","description_kind":"markdown","optional":true},"id":{"type":"string","description_kind":"plain","optional":true,"computed":true},"krb5_conf":{"type":"string","description":"Custom krb5.conf to use. Uses the system one by default","description_kind":"markdown","optional":true},"name":{"type":"string","description_kind":"plain","required":true},"password_login_update_internal_password":{"type":"bool","description":"If enabled, the authentik-stored password will be updated upon login with the Kerberos password backend Defaults to `false`.","description_kind":"markdown","optional":true},"policy_engine_mode":{"type":"string","description":"Allowed values:\n  - `all`\n  - `any`\n Defaults to `any`.","description_kind":"markdown","optional":true},"realm":{"type":"string","description":"Kerberos realm","description_kind":"markdown","required":true},"slug":{"type":"string","description_kind":"plain","required":true},"spnego_ccache":{"type":"string","description":"Credential cache to use for SPNEGO in form type:residual","description_kind":"markdown","optional":true},"spnego_keytab":{"type":"string","description":"SPNEGO keytab base64-encoded or path to keytab in the form FILE:path","description_kind":"markdown","optional":true,"sensitive":true},"spnego_server_name":{"type":"string","description":"Force the use of a specific server name for SPNEGO","description_kind":"markdown","optional":true},"sync_ccache":{"type":"string","description":"Credentials cache to authenticate to kadmin for sync. Must be in the form TYPE:residual","description_kind":"markdown","optional":true},"sync_keytab":{"type":"string","description":"Keytab to authenticate to kadmin for sync. Must be base64-encoded or in the form TYPE:residual","description_kind":"markdown","optional":true,"sensitive":true},"sync_outgoing_trigger_mode":{"type":"string","description":"Allowed values:\n  - `none`\n  - `immediate`\n  - `deferred_end`\n Defaults to `deferred_end`.","description_kind":"markdown","optional":true},"sync_password":{"type":"string","description":"Password to authenticate to kadmin for sync","description_kind":"markdown","optional":true,"sensitive":true},"sync_principal":{"type":"string","description":"Principal to authenticate to kadmin for sync.","description_kind":"markdown","optional":true},"sync_users":{"type":"bool","description":"Sync users from Kerberos into authentik Defaults to `true`.","description_kind":"markdown","optional":true},"sync_users_password":{"type":"bool","description":"When a user changes their password, sync it back to Kerberos Defaults to `true`.","description_kind":"markdown","optional":true},"user_matching_mode":{"type":"string","description":"Allowed values:\n  - `identifier`\n  - `email_link`\n  - `email_deny`\n  - `username_link`\n  - `username_deny`\n Defaults to `identifier`.","description_kind":"markdown","optional":true},"user_path_template":{"type":"string","description":"Defaults to `goauthentik.io/sources/%(slug)s`.","description_kind":"markdown","optional":true},"uuid":{"type":"string","description":"Generated.","description_kind":"markdown","optional":true,"computed":true}},"description":"Directory --- ","description_kind":"markdown"}},"authentik_source_ldap":{"version":0,"block":{"attributes":{"additional_group_dn":{"type":"string","description":"Defaults to ``.","description_kind":"markdown","optional":true},"additional_user_dn":{"type":"string","description":"Defaults to ``.","description_kind":"markdown","optional":true},"base_dn":{"type":"string","description_kind":"plain","required":true},"bind_cn":{"type":"string","description_kind":"plain","required":true},"bind_password":{"type":"string","description_kind":"plain","required":true,"sensitive":true},"delete_not_found_objects":{"type":"bool","description":"Defaults to `false`.","description_kind":"markdown","optional":true},"enabled":{"type":"bool","description":"Defaults to `true`.","description_kind":"markdown","optional":true},"group_membership_field":{"type":"string","description":"Defaults to `member`.","description_kind":"markdown","optional":true},"group_object_filter":{"type":"string","description":"Defaults to `(objectClass=group)`.","description_kind":"markdown","optional":true},"id":{"type":"string","description_kind":"plain","optional":true,"computed":true},"lookup_groups_from_user":{"type":"bool","description":"Defaults to `true`.","description_kind":"markdown","optional":true},"name":{"type":"string","description_kind":"plain","required":true},"object_uniqueness_field":{"type":"string","description":"Defaults to `objectSid`.","description_kind":"markdown","optional":true},"password_login_update_internal_password":{"type":"bool","description":"Defaults to `false`.","description_kind":"markdown","optional":true},"property_mappings":{"type":["list","string"],"description_kind":"plain","optional":true},"property_mappings_group":{"type":["list","string"],"description_kind":"plain","optional":true},"server_uri":{"type":"string","description_kind":"plain","required":true},"slug":{"type":"string","description_kind":"plain","required":true},"sni":{"type":"bool","description":"Defaults to `false`.","description_kind":"markdown","optional":true},"start_tls":{"type":"bool","description":"Defaults to `true`.","description_kind":"markdown","optional":true},"sync_groups":{"type":"bool","description":"Defaults to `true`.","description_kind":"markdown","optional":true},"sync_outgoing_trigger_mode":{"type":"string","description":"Allowed values:\n  - `none`\n  - `immediate`\n  - `deferred_end`\n Defaults to `deferred_end`.","description_kind":"markdown","optional":true},"sync_parent_group":{"type":"string","description_kind":"plain","optional":true},"sync_users":{"type":"bool","description":"Defaults to `true`.","description_kind":"markdown","optional":true},"sync_users_password":{"type":"bool","description":"Defaults to `true`.","description_kind":"markdown","optional":true},"user_membership_attribute":{"type":"string","description":"Defaults to `distinguishedName`.","description_kind":"markdown","optional":true},"user_object_filter":{"type":"string","description":"Defaults to `(objectClass=person)`.","description_kind":"markdown","optional":true},"user_path_template":{"type":"string","description":"Defaults to `goauthentik.io/sources/%(slug)s`.","description_kind":"markdown","optional":true},"uuid":{"type":"string","description":"Generated.","description_kind":"markdown","optional":true,"computed":true}},"description":"Directory --- ","description_kind":"markdown"}},"authentik_source_oauth":{"version":0,"block":{"attributes":{"access_token_url":{"type":"string","description":"Only required for OAuth1.","description_kind":"markdown","optional":true},"additional_scopes":{"type":"string","description_kind":"plain","optional":true},"authentication_flow":{"type":"string","description_kind":"plain","optional":true},"authorization_code_auth_method":{"type":"string","description":"Allowed values:\n  - `basic_auth`\n  - `post_body`\n Defaults to `basic_auth`.","description_kind":"markdown","optional":true},"authorization_url":{"type":"string","description":"Manually configure OAuth2 URLs when `oidc_well_known_url` is not set.","description_kind":"markdown","optional":true},"callback_uri":{"type":"string","description":"Generated.","description_kind":"markdown","computed":true},"consumer_key":{"type":"string","description_kind":"plain","required":true},"consumer_secret":{"type":"string","description_kind":"plain","required":true,"sensitive":true},"enabled":{"type":"bool","description":"Defaults to `true`.","description_kind":"markdown","optional":true},"enrollment_flow":{"type":"string","description_kind":"plain","optional":true},"group_matching_mode":{"type":"string","description":"Allowed values:\n  - `identifier`\n  - `name_link`\n  - `name_deny`\n Defaults to `identifier`.","description_kind":"markdown","optional":true},"id":{"type":"string","description_kind":"plain","optional":true,"computed":true},"name":{"type":"string","description_kind":"plain","required":true},"oidc_jwks":{"type":"string","description":"Manually configure JWKS keys for use with machine-to-machine authentication. JSON format expected. Use `jsonencode()` to pass objects. Generated.","description_kind":"markdown","optional":true,"computed":true},"oidc_jwks_url":{"type":"string","description":"Automatically configure JWKS if not specified by `oidc_well_known_url`.","description_kind":"markdown","optional":true},"oidc_well_known_url":{"type":"string","description":"Automatically configure source from OIDC well-known endpoint. URL is taken as is, and should end with `.well-known/openid-configuration`.","description_kind":"markdown","optional":true},"pkce":{"type":"string","description":"Allowed values:\n  - `none`\n  - `plain`\n  - `S256`\n Defaults to `none`.","description_kind":"markdown","optional":true},"policy_engine_mode":{"type":"string","description":"Allowed values:\n  - `all`\n  - `any`\n Defaults to `any`.","description_kind":"markdown","optional":true},"profile_url":{"type":"string","description":"Manually configure OAuth2 URLs when `oidc_well_known_url` is not set.","description_kind":"markdown","optional":true},"promoted":{"type":"bool","description":"Defaults to `false`.","description_kind":"markdown","optional":true},"property_mappings":{"type":["list","string"],"description_kind":"plain","optional":true},"property_mappings_group":{"type":["list","string"],"description_kind":"plain","optional":true},"provider_type":{"type":"string","description":"Allowed values:\n  - `apple`\n  - `openidconnect`\n  - `entraid`\n  - `azuread`\n  - `discord`\n  - `facebook`\n  - `github`\n  - `gitlab`\n  - `google`\n  - `mailcow`\n  - `okta`\n  - `patreon`\n  - `reddit`\n  - `slack`\n  - `twitch`\n  - `twitter`\n  - `wechat`","description_kind":"markdown","required":true},"request_token_url":{"type":"string","description":"Manually configure OAuth2 URLs when `oidc_well_known_url` is not set.","description_kind":"markdown","optional":true},"slug":{"type":"string","description_kind":"plain","required":true},"user_matching_mode":{"type":"string","description":"Allowed values:\n  - `identifier`\n  - `email_link`\n  - `email_deny`\n  - `username_link`\n  - `username_deny`\n Defaults to `identifier`.","description_kind":"markdown","optional":true},"user_path_template":{"type":"string","description":"Defaults to `goauthentik.io/sources/%(slug)s`.","description_kind":"markdown","optional":true},"uuid":{"type":"string","description":"Generated.","description_kind":"markdown","optional":true,"computed":true}},"description":"Directory --- ","description_kind":"markdown"}},"authentik_source_plex":{"version":0,"block":{"attributes":{"allow_friends":{"type":"bool","description":"Defaults to `true`.","description_kind":"markdown","optional":true},"allowed_servers":{"type":["list","string"],"description_kind":"plain","optional":true},"authentication_flow":{"type":"string","description_kind":"plain","optional":true},"client_id":{"type":"string","description_kind":"plain","required":true},"enabled":{"type":"bool","description":"Defaults to `true`.","description_kind":"markdown","optional":true},"enrollment_flow":{"type":"string","description_kind":"plain","optional":true},"group_matching_mode":{"type":"string","description":"Allowed values:\n  - `identifier`\n  - `name_link`\n  - `name_deny`\n Defaults to `identifier`.","description_kind":"markdown","optional":true},"id":{"type":"string","description_kind":"plain","optional":true,"computed":true},"name":{"type":"string","description_kind":"plain","required":true},"plex_token":{"type":"string","description_kind":"plain","required":true,"sensitive":true},"policy_engine_mode":{"type":"string","description":"Allowed values:\n  - `all`\n  - `any`\n Defaults to `any`.","description_kind":"markdown","optional":true},"promoted":{"type":"bool","description":"Defaults to `false`.","description_kind":"markdown","optional":true},"slug":{"type":"string","description_kind":"plain","required":true},"user_matching_mode":{"type":"string","description":"Allowed values:\n  - `identifier`\n  - `email_link`\n  - `email_deny`\n  - `username_link`\n  - `username_deny`\n Defaults to `identifier`.","description_kind":"markdown","optional":true},"user_path_template":{"type":"string","description":"Defaults to `goauthentik.io/sources/%(slug)s`.","description_kind":"markdown","optional":true},"uuid":{"type":"string","description":"Generated.","description_kind":"markdown","optional":true,"computed":true}},"description":"Directory --- ","description_kind":"markdown"}},"authentik_source_saml":{"version":0,"block":{"attributes":{"allow_idp_initiated":{"type":"bool","description":"Defaults to `false`.","description_kind":"markdown","optional":true},"authentication_flow":{"type":"string","description_kind":"plain","optional":true},"binding_type":{"type":"string","description":"Allowed values:\n  - `REDIRECT`\n  - `POST`\n  - `POST_AUTO`\n Defaults to `REDIRECT`.","description_kind":"markdown","optional":true},"digest_algorithm":{"type":"string","description":"Allowed values:\n  - `http://www.w3.org/2000/09/xmldsig#sha1`\n  - `http://www.w3.org/2001/04/xmlenc#sha256`\n  - `http://www.w3.org/2001/04/xmldsig-more#sha384`\n  - `http://www.w3.org/2001/04/xmlenc#sha512`\n Defaults to `http://www.w3.org/2001/04/xmlenc#sha256`.","description_kind":"markdown","optional":true},"enabled":{"type":"bool","description":"Defaults to `true`.","description_kind":"markdown","optional":true},"encryption_kp":{"type":"string","description_kind":"plain","optional":true},"enrollment_flow":{"type":"string","description_kind":"plain","optional":true},"group_matching_mode":{"type":"string","description":"Allowed values:\n  - `identifier`\n  - `name_link`\n  - `name_deny`\n Defaults to `identifier`.","description_kind":"markdown","optional":true},"id":{"type":"string","description_kind":"plain","optional":true,"computed":true},"issuer":{"type":"string","description_kind":"plain","optional":true},"metadata":{"type":"string","description":"SAML Metadata Generated.","description_kind":"markdown","computed":true},"name":{"type":"string","description_kind":"plain","required":true},"name_id_policy":{"type":"string","description":"Allowed values:\n  - `urn:oasis:names:tc:SAML:1.1:nameid-format:emailAddress`\n  - `urn:oasis:names:tc:SAML:2.0:nameid-format:persistent`\n  - `urn:oasis:names:tc:SAML:1.1:nameid-format:X509SubjectName`\n  - `urn:oasis:names:tc:SAML:2.0:nameid-format:WindowsDomainQualifiedName`\n  - `urn:oasis:names:tc:SAML:2.0:nameid-format:transient`\n  - `urn:oasis:names:tc:SAML:1.1:nameid-format:unspecified`\n Defaults to `urn:oasis:names:tc:SAML:2.0:nameid-format:persistent`.","description_kind":"markdown","optional":true},"policy_engine_mode":{"type":"string","description":"Allowed values:\n  - `all`\n  - `any`\n Defaults to `any`.","description_kind":"markdown","optional":true},"pre_authentication_flow":{"type":"string","description_kind":"plain","required":true},"promoted":{"type":"bool","description":"Defaults to `false`.","description_kind":"markdown","optional":true},"property_mappings":{"type":["list","string"],"description_kind":"plain","optional":true},"property_mappings_group":{"type":["list","string"],"description_kind":"plain","optional":true},"signature_algorithm":{"type":"string","description":"Allowed values:\n  - `http://www.w3.org/2000/09/xmldsig#rsa-sha1`\n  - `http://www.w3.org/2001/04/xmldsig-more#rsa-sha256`\n  - `http://www.w3.org/2001/04/xmldsig-more#rsa-sha384`\n  - `http://www.w3.org/2001/04/xmldsig-more#rsa-sha512`\n  - `http://www.w3.org/2001/04/xmldsig-more#ecdsa-sha1`\n  - `http://www.w3.org/2001/04/xmldsig-more#ecdsa-sha256`\n  - `http://www.w3.org/2001/04/xmldsig-more#ecdsa-sha384`\n  - `http://www.w3.org/2001/04/xmldsig-more#ecdsa-sha512`\n  - `http://www.w3.org/2000/09/xmldsig#dsa-sha1`\n Defaults to `http://www.w3.org/2001/04/xmldsig-more#rsa-sha256`.","description_kind":"markdown","optional":true},"signed_assertion":{"type":"bool","description":"Defaults to `false`.","description_kind":"markdown","optional":true},"signed_response":{"type":"bool","description":"Defaults to `false`.","description_kind":"markdown","optional":true},"signing_kp":{"type":"string","description_kind":"plain","optional":true},"slo_url":{"type":"string","description_kind":"plain","optional":true},"slug":{"type":"string","description_kind":"plain","required":true},"sso_url":{"type":"string","description_kind":"plain","required":true},"temporary_user_delete_after":{"type":"string","description":"Format: hours=1;minutes=2;seconds=3. Defaults to `days=1`.","description_kind":"markdown","optional":true},"user_matching_mode":{"type":"string","description":"Allowed values:\n  - `identifier`\n  - `email_link`\n  - `email_deny`\n  - `username_link`\n  - `username_deny`\n Defaults to `identifier`.","description_kind":"markdown","optional":true},"user_path_template":{"type":"string","description":"Defaults to `goauthentik.io/sources/%(slug)s`.","description_kind":"markdown","optional":true},"uuid":{"type":"string","description":"Generated.","description_kind":"markdown","optional":true,"computed":true},"verification_kp":{"type":"string","description_kind":"plain","optional":true}},"description":"Directory --- ","description_kind":"markdown"}},"authentik_source_scim":{"version":0,"block":{"attributes":{"enabled":{"type":"bool","description":"Defaults to `true`.","description_kind":"markdown","optional":true},"id":{"type":"string","description_kind":"plain","optional":true,"computed":true},"name":{"type":"string","description_kind":"plain","required":true},"property_mappings":{"type":["list","string"],"description_kind":"plain","optional":true},"property_mappings_group":{"type":["list","string"],"description_kind":"plain","optional":true},"scim_url":{"type":"string","description":"SCIM URL Generated.","description_kind":"markdown","computed":true},"slug":{"type":"string","description_kind":"plain","required":true},"token":{"type":"string","description":"SCIM URL Generated.","description_kind":"markdown","computed":true},"user_path_template":{"type":"string","description":"Defaults to `goauthentik.io/sources/%(slug)s`.","description_kind":"markdown","optional":true},"uuid":{"type":"string","description":"Generated.","description_kind":"markdown","optional":true,"computed":true}},"description":"Directory --- ","description_kind":"markdown"}},"authentik_source_telegram":{"version":0,"block":{"attributes":{"authentication_flow":{"type":"string","description_kind":"plain","optional":true},"bot_token":{"type":"string","description_kind":"plain","required":true},"bot_username":{"type":"string","description_kind":"plain","required":true},"enabled":{"type":"bool","description":"Defaults to `true`.","description_kind":"markdown","optional":true},"enrollment_flow":{"type":"string","description_kind":"plain","optional":true},"id":{"type":"string","description_kind":"plain","optional":true,"computed":true},"name":{"type":"string","description_kind":"plain","required":true},"policy_engine_mode":{"type":"string","description":"Allowed values:\n  - `all`\n  - `any`\n Defaults to `any`.","description_kind":"markdown","optional":true},"pre_authentication_flow":{"type":"string","description_kind":"plain","required":true},"property_mappings":{"type":["list","string"],"description_kind":"plain","optional":true},"property_mappings_group":{"type":["list","string"],"description_kind":"plain","optional":true},"request_message_access":{"type":"bool","description":"Defaults to `false`.","description_kind":"markdown","optional":true},"slug":{"type":"string","description_kind":"plain","required":true},"user_matching_mode":{"type":"string","description":"Allowed values:\n  - `identifier`\n  - `email_link`\n  - `email_deny`\n  - `username_link`\n  - `username_deny`\n Defaults to `identifier`.","description_kind":"markdown","optional":true},"user_path_template":{"type":"string","description":"Defaults to `goauthentik.io/sources/%(slug)s`.","description_kind":"markdown","optional":true},"uuid":{"type":"string","description":"Generated.","description_kind":"markdown","optional":true,"computed":true}},"description":"Directory --- ","description_kind":"markdown"}},"authentik_stage_authenticator_duo":{"version":0,"block":{"attributes":{"admin_integration_key":{"type":"string","description_kind":"plain","optional":true},"admin_secret_key":{"type":"string","description_kind":"plain","optional":true,"sensitive":true},"api_hostname":{"type":"string","description_kind":"plain","required":true},"client_id":{"type":"string","description_kind":"plain","required":true},"client_secret":{"type":"string","description_kind":"plain","required":true,"sensitive":true},"configure_flow":{"type":"string","description_kind":"plain","optional":true},"friendly_name":{"type":"string","description":"Defaults to ``.","description_kind":"markdown","optional":true},"id":{"type":"string","description_kind":"plain","optional":true,"computed":true},"name":{"type":"string","description_kind":"plain","required":true}},"description":"Flows \u0026 Stages --- ","description_kind":"markdown"}},"authentik_stage_authenticator_email":{"version":0,"block":{"attributes":{"configure_flow":{"type":"string","description_kind":"plain","optional":true},"friendly_name":{"type":"string","description":"Defaults to ``.","description_kind":"markdown","optional":true},"from_address":{"type":"string","description":"Defaults to `system@authentik.local`.","description_kind":"markdown","optional":true},"host":{"type":"string","description":"Defaults to `localhost`.","description_kind":"markdown","optional":true},"id":{"type":"string","description_kind":"plain","optional":true,"computed":true},"name":{"type":"string","description_kind":"plain","required":true},"password":{"type":"string","description_kind":"plain","optional":true,"sensitive":true},"port":{"type":"number","description":"Defaults to `25`.","description_kind":"markdown","optional":true},"subject":{"type":"string","description":"Defaults to `authentik`.","description_kind":"markdown","optional":true},"template":{"type":"string","description":"Defaults to `email/password_reset.html`.","description_kind":"markdown","optional":true},"timeout":{"type":"number","description":"Defaults to `30`.","description_kind":"markdown","optional":true},"token_expiry":{"type":"string","description":"Format: hours=1;minutes=2;seconds=3. Defaults to `minutes=30`.","description_kind":"markdown","optional":true},"use_global_settings":{"type":"bool","description":"Defaults to `true`.","description_kind":"markdown","optional":true},"use_ssl":{"type":"bool","description_kind":"plain","optional":true},"use_tls":{"type":"bool","description_kind":"plain","optional":true},"username":{"type":"string","description_kind":"plain","optional":true}},"description":"Flows \u0026 Stages --- ","description_kind":"markdown"}},"authentik_stage_authenticator_endpoint_gdtc":{"version":0,"block":{"attributes":{"configure_flow":{"type":"string","description_kind":"plain","optional":true},"credentials":{"type":"string","description_kind":"plain","required":true,"sensitive":true},"friendly_name":{"type":"string","description":"Defaults to ``.","description_kind":"markdown","optional":true},"id":{"type":"string","description_kind":"plain","optional":true,"computed":true},"name":{"type":"string","description_kind":"plain","required":true}},"description":"Flows \u0026 Stages --- ","description_kind":"markdown"}},"authentik_stage_authenticator_sms":{"version":0,"block":{"attributes":{"account_sid":{"type":"string","description_kind":"plain","required":true,"sensitive":true},"auth":{"type":"string","description_kind":"plain","required":true,"sensitive":true},"auth_password":{"type":"string","description_kind":"plain","optional":true,"sensitive":true},"auth_type":{"type":"string","description":"Allowed values:\n  - `basic`\n  - `bearer`\n Defaults to `basic`.","description_kind":"markdown","optional":true},"configure_flow":{"type":"string","description_kind":"plain","optional":true},"friendly_name":{"type":"string","description":"Defaults to ``.","description_kind":"markdown","optional":true},"from_number":{"type":"string","description_kind":"plain","required":true},"id":{"type":"string","description_kind":"plain","optional":true,"computed":true},"mapping":{"type":"string","description_kind":"plain","optional":true},"name":{"type":"string","description_kind":"plain","required":true},"sms_provider":{"type":"string","description":"Allowed values:\n  - `twilio`\n  - `generic`\n Defaults to `twilio`.","description_kind":"markdown","optional":true},"verify_only":{"type":"bool","description":"Defaults to `false`.","description_kind":"markdown","optional":true}},"description":"Flows \u0026 Stages --- ","description_kind":"markdown"}},"authentik_stage_authenticator_static":{"version":0,"block":{"attributes":{"configure_flow":{"type":"string","description_kind":"plain","optional":true},"friendly_name":{"type":"string","description":"Defaults to ``.","description_kind":"markdown","optional":true},"id":{"type":"string","description_kind":"plain","optional":true,"computed":true},"name":{"type":"string","description_kind":"plain","required":true},"token_count":{"type":"number","description":"Defaults to `6`.","description_kind":"markdown","optional":true},"token_length":{"type":"number","description":"Defaults to `12`.","description_kind":"markdown","optional":true}},"description":"Flows \u0026 Stages --- ","description_kind":"markdown"}},"authentik_stage_authenticator_totp":{"version":0,"block":{"attributes":{"configure_flow":{"type":"string","description_kind":"plain","optional":true},"digits":{"type":"string","description":"Allowed values:\n  - `6`\n  - `8`\n Defaults to `6`.","description_kind":"markdown","optional":true},"friendly_name":{"type":"string","description":"Defaults to ``.","description_kind":"markdown","optional":true},"id":{"type":"string","description_kind":"plain","optional":true,"computed":true},"name":{"type":"string","description_kind":"plain","required":true}},"description":"Flows \u0026 Stages --- ","description_kind":"markdown"}},"authentik_stage_authenticator_validate":{"version":0,"block":{"attributes":{"configuration_stages":{"type":["list","string"],"description_kind":"plain","optional":true},"device_classes":{"type":["list","string"],"description_kind":"plain","optional":true},"id":{"type":"string","description_kind":"plain","optional":true,"computed":true},"last_auth_threshold":{"type":"string","description":"Format: hours=1;minutes=2;seconds=3. Defaults to `seconds=0`.","description_kind":"markdown","optional":true},"name":{"type":"string","description_kind":"plain","required":true},"not_configured_action":{"type":"string","description":"Allowed values:\n  - `skip`\n  - `deny`\n  - `configure`","description_kind":"markdown","required":true},"webauthn_allowed_device_types":{"type":["list","string"],"description_kind":"plain","optional":true},"webauthn_user_verification":{"type":"string","description":"Allowed values:\n  - `required`\n  - `preferred`\n  - `discouraged`\n Defaults to `preferred`.","description_kind":"markdown","optional":true}},"description":"Flows \u0026 Stages --- ","description_kind":"markdown"}},"authentik_stage_authenticator_webauthn":{"version":0,"block":{"attributes":{"authenticator_attachment":{"type":"string","description":"Allowed values:\n  - `platform`\n  - `cross-platform`","description_kind":"markdown","optional":true},"configure_flow":{"type":"string","description_kind":"plain","optional":true},"device_type_restrictions":{"type":["list","string"],"description_kind":"plain","optional":true},"friendly_name":{"type":"string","description":"Defaults to ``.","description_kind":"markdown","optional":true},"id":{"type":"string","description_kind":"plain","optional":true,"computed":true},"max_attempts":{"type":"number","description_kind":"plain","optional":true},"name":{"type":"string","description_kind":"plain","required":true},"resident_key_requirement":{"type":"string","description":"Allowed values:\n  - `discouraged`\n  - `preferred`\n  - `required`\n Defaults to `preferred`.","description_kind":"markdown","optional":true},"user_verification":{"type":"string","description":"Allowed values:\n  - `required`\n  - `preferred`\n  - `discouraged`\n Defaults to `preferred`.","description_kind":"markdown","optional":true}},"description":"Flows \u0026 Stages --- ","description_kind":"markdown"}},"authentik_stage_captcha":{"version":0,"block":{"attributes":{"api_url":{"type":"string","description":"Defaults to `https://www.recaptcha.net/recaptcha/api/siteverify`.","description_kind":"markdown","optional":true},"error_on_invalid_score":{"type":"bool","description":"Defaults to `true`.","description_kind":"markdown","optional":true},"id":{"type":"string","description_kind":"plain","optional":true,"computed":true},"interactive":{"type":"bool","description":"Defaults to `false`.","description_kind":"markdown","optional":true},"js_url":{"type":"string","description":"Defaults to `https://www.recaptcha.net/recaptcha/api.js`.","description_kind":"markdown","optional":true},"name":{"type":"string","description_kind":"plain","required":true},"private_key":{"type":"string","description_kind":"plain","required":true,"sensitive":true},"public_key":{"type":"string","description_kind":"plain","required":true},"score_max_threshold":{"type":"number","description":"Defaults to `0.5`.","description_kind":"markdown","optional":true},"score_min_threshold":{"type":"number","description":"Defaults to `1`.","description_kind":"markdown","optional":true}},"description":"Flows \u0026 Stages --- ","description_kind":"markdown"}},"authentik_stage_consent":{"version":0,"block":{"attributes":{"consent_expire_in":{"type":"string","description":"Format: hours=1;minutes=2;seconds=3. Defaults to `weeks=4`.","description_kind":"markdown","optional":true},"id":{"type":"string","description_kind":"plain","optional":true,"computed":true},"mode":{"type":"string","description":"Allowed values:\n  - `always_require`\n  - `permanent`\n  - `expiring`\n Defaults to `always_require`.","description_kind":"markdown","optional":true},"name":{"type":"string","description_kind":"plain","required":true}},"description":"Flows \u0026 Stages --- ","description_kind":"markdown"}},"authentik_stage_deny":{"version":0,"block":{"attributes":{"deny_message":{"type":"string","description_kind":"plain","optional":true},"id":{"type":"string","description_kind":"plain","optional":true,"computed":true},"name":{"type":"string","description_kind":"plain","required":true}},"description":"Flows \u0026 Stages --- ","description_kind":"markdown"}},"authentik_stage_dummy":{"version":0,"block":{"attributes":{"id":{"type":"string","description_kind":"plain","optional":true,"computed":true},"name":{"type":"string","description_kind":"plain","required":true}},"description":"Flows \u0026 Stages --- ","description_kind":"markdown"}},"authentik_stage_email":{"version":0,"block":{"attributes":{"activate_user_on_success":{"type":"bool","description":"Defaults to `false`.","description_kind":"markdown","optional":true},"from_address":{"type":"string","description":"Defaults to `system@authentik.local`.","description_kind":"markdown","optional":true},"host":{"type":"string","description":"Defaults to `localhost`.","description_kind":"markdown","optional":true},"id":{"type":"string","description_kind":"plain","optional":true,"computed":true},"name":{"type":"string","description_kind":"plain","required":true},"password":{"type":"string","description_kind":"plain","optional":true,"sensitive":true},"port":{"type":"number","description":"Defaults to `25`.","description_kind":"markdown","optional":true},"recovery_cache_timeout":{"type":"string","description":"Format: hours=1;minutes=2;seconds=3. Defaults to `minutes=5`.","description_kind":"markdown","optional":true},"recovery_max_attempts":{"type":"number","description":"Defaults to `5`.","description_kind":"markdown","optional":true},"subject":{"type":"string","description":"Defaults to `authentik`.","description_kind":"markdown","optional":true},"template":{"type":"string","description":"Defaults to `email/password_reset.html`.","description_kind":"markdown","optional":true},"timeout":{"type":"number","description":"Defaults to `30`.","description_kind":"markdown","optional":true},"token_expiry":{"type":"string","description":"Format: hours=1;minutes=2;seconds=3. Defaults to `minutes=30`.","description_kind":"markdown","optional":true},"use_global_settings":{"type":"bool","description":"Defaults to `true`.","description_kind":"markdown","optional":true},"use_ssl":{"type":"bool","description_kind":"plain","optional":true},"use_tls":{"type":"bool","description_kind":"plain","optional":true},"username":{"type":"string","description_kind":"plain","optional":true}},"description":"Flows \u0026 Stages --- ","description_kind":"markdown"}},"authentik_stage_endpoints":{"version":0,"block":{"attributes":{"connector":{"type":"string","description_kind":"plain","required":true},"id":{"type":"string","description_kind":"plain","optional":true,"computed":true},"mode":{"type":"string","description":"Allowed values:\n  - `optional`\n  - `required`\n Defaults to `optional`.","description_kind":"markdown","optional":true},"name":{"type":"string","description_kind":"plain","required":true}},"description":"Flows \u0026 Stages --- ","description_kind":"markdown"}},"authentik_stage_identification":{"version":0,"block":{"attributes":{"captcha_stage":{"type":"string","description_kind":"plain","optional":true},"case_insensitive_matching":{"type":"bool","description_kind":"plain","optional":true},"enable_remember_me":{"type":"bool","description":"Defaults to `false`.","description_kind":"markdown","optional":true},"enrollment_flow":{"type":"string","description_kind":"plain","optional":true},"id":{"type":"string","description_kind":"plain","optional":true,"computed":true},"name":{"type":"string","description_kind":"plain","required":true},"password_stage":{"type":"string","description_kind":"plain","optional":true},"passwordless_flow":{"type":"string","description_kind":"plain","optional":true},"pretend_user_exists":{"type":"bool","description":"Defaults to `true`.","description_kind":"markdown","optional":true},"recovery_flow":{"type":"string","description_kind":"plain","optional":true},"show_matched_user":{"type":"bool","description":"Defaults to `true`.","description_kind":"markdown","optional":true},"show_source_labels":{"type":"bool","description":"Defaults to `false`.","description_kind":"markdown","optional":true},"sources":{"type":["list","string"],"description_kind":"plain","optional":true},"user_fields":{"type":["list","string"],"description_kind":"plain","optional":true},"webauthn_stage":{"type":"string","description_kind":"plain","optional":true}},"description":"Flows \u0026 Stages --- ","description_kind":"markdown"}},"authentik_stage_invitation":{"version":0,"block":{"attributes":{"continue_flow_without_invitation":{"type":"bool","description":"Defaults to `false`.","description_kind":"markdown","optional":true},"id":{"type":"string","description_kind":"plain","optional":true,"computed":true},"name":{"type":"string","description_kind":"plain","required":true}},"description":"Flows \u0026 Stages --- ","description_kind":"markdown"}},"authentik_stage_mutual_tls":{"version":0,"block":{"attributes":{"cert_attribute":{"type":"string","description":"Allowed values:\n  - `subject`\n  - `common_name`\n  - `email`\n Defaults to `email`.","description_kind":"markdown","optional":true},"certificate_authorities":{"type":["list","string"],"description_kind":"plain","optional":true},"id":{"type":"string","description_kind":"plain","optional":true,"computed":true},"mode":{"type":"string","description":"Allowed values:\n  - `optional`\n  - `required`\n Defaults to `optional`.","description_kind":"markdown","optional":true},"name":{"type":"string","description_kind":"plain","required":true},"user_attribute":{"type":"string","description":"Allowed values:\n  - `username`\n  - `email`\n Defaults to `email`.","description_kind":"markdown","optional":true}},"description":"Flows \u0026 Stages --- ","description_kind":"markdown"}},"authentik_stage_password":{"version":0,"block":{"attributes":{"allow_show_password":{"type":"bool","description":"Defaults to `false`.","description_kind":"markdown","optional":true},"backends":{"type":["list","string"],"description_kind":"plain","required":true},"configure_flow":{"type":"string","description_kind":"plain","optional":true},"failed_attempts_before_cancel":{"type":"number","description":"Defaults to `5`.","description_kind":"markdown","optional":true},"id":{"type":"string","description_kind":"plain","optional":true,"computed":true},"name":{"type":"string","description_kind":"plain","required":true}},"description":"Flows \u0026 Stages --- ","description_kind":"markdown"}},"authentik_stage_prompt":{"version":0,"block":{"attributes":{"fields":{"type":["list","string"],"description_kind":"plain","required":true},"id":{"type":"string","description_kind":"plain","optional":true,"computed":true},"name":{"type":"string","description_kind":"plain","required":true},"validation_policies":{"type":["list","string"],"description_kind":"plain","optional":true}},"description":"Flows \u0026 Stages --- ","description_kind":"markdown"}},"authentik_stage_prompt_field":{"version":0,"block":{"attributes":{"field_key":{"type":"string","description_kind":"plain","required":true},"id":{"type":"string","description_kind":"plain","optional":true,"computed":true},"initial_value":{"type":"string","description_kind":"plain","optional":true},"initial_value_expression":{"type":"bool","description":"Defaults to `false`.","description_kind":"markdown","optional":true},"label":{"type":"string","description_kind":"plain","required":true},"name":{"type":"string","description_kind":"plain","required":true},"order":{"type":"number","description_kind":"plain","optional":true},"placeholder":{"type":"string","description_kind":"plain","optional":true},"placeholder_expression":{"type":"bool","description":"Defaults to `false`.","description_kind":"markdown","optional":true},"required":{"type":"bool","description":"Defaults to `false`.","description_kind":"markdown","optional":true},"sub_text":{"type":"string","description":"Defaults to ``.","description_kind":"markdown","optional":true},"type":{"type":"string","description":"Allowed values:\n  - `text`\n  - `text_area`\n  - `text_read_only`\n  - `text_area_read_only`\n  - `username`\n  - `email`\n  - `password`\n  - `number`\n  - `checkbox`\n  - `radio-button-group`\n  - `dropdown`\n  - `date`\n  - `date-time`\n  - `file`\n  - `separator`\n  - `hidden`\n  - `static`\n  - `ak-locale`","description_kind":"markdown","required":true}},"description":"Flows \u0026 Stages --- ","description_kind":"markdown"}},"authentik_stage_redirect":{"version":0,"block":{"attributes":{"id":{"type":"string","description_kind":"plain","optional":true,"computed":true},"keep_context":{"type":"bool","description":"Defaults to `true`.","description_kind":"markdown","optional":true},"mode":{"type":"string","description":"Allowed values:\n  - `static`\n  - `flow`\n Defaults to `flow`.","description_kind":"markdown","optional":true},"name":{"type":"string","description_kind":"plain","required":true},"target_flow":{"type":"string","description_kind":"plain","optional":true},"target_static":{"type":"string","description_kind":"plain","optional":true}},"description":"Flows \u0026 Stages --- ","description_kind":"markdown"}},"authentik_stage_source":{"version":0,"block":{"attributes":{"id":{"type":"string","description_kind":"plain","optional":true,"computed":true},"name":{"type":"string","description_kind":"plain","required":true},"resume_timeout":{"type":"string","description":"Format: hours=1;minutes=2;seconds=3. Defaults to `minutes=10`.","description_kind":"markdown","optional":true},"source":{"type":"string","description_kind":"plain","optional":true}},"description":"Flows \u0026 Stages --- ","description_kind":"markdown"}},"authentik_stage_user_delete":{"version":0,"block":{"attributes":{"id":{"type":"string","description_kind":"plain","optional":true,"computed":true},"name":{"type":"string","description_kind":"plain","required":true}},"description":"Flows \u0026 Stages --- ","description_kind":"markdown"}},"authentik_stage_user_login":{"version":0,"block":{"attributes":{"geoip_binding":{"type":"string","description":"Allowed values:\n  - `no_binding`\n  - `bind_continent`\n  - `bind_continent_country`\n  - `bind_continent_country_city`\n Defaults to `no_binding`.","description_kind":"markdown","optional":true},"id":{"type":"string","description_kind":"plain","optional":true,"computed":true},"name":{"type":"string","description_kind":"plain","required":true},"network_binding":{"type":"string","description":"Allowed values:\n  - `no_binding`\n  - `bind_asn`\n  - `bind_asn_network`\n  - `bind_asn_network_ip`\n Defaults to `no_binding`.","description_kind":"markdown","optional":true},"remember_device":{"type":"string","description":"Format: hours=1;minutes=2;seconds=3. Defaults to `days=30`.","description_kind":"markdown","optional":true},"remember_me_offset":{"type":"string","description":"Format: hours=1;minutes=2;seconds=3. Defaults to `seconds=0`.","description_kind":"markdown","optional":true},"session_duration":{"type":"string","description":"Format: hours=1;minutes=2;seconds=3. Defaults to `seconds=0`.","description_kind":"markdown","optional":true},"terminate_other_sessions":{"type":"bool","description":"Defaults to `false`.","description_kind":"markdown","optional":true}},"description":"Flows \u0026 Stages --- ","description_kind":"markdown"}},"authentik_stage_user_logout":{"version":0,"block":{"attributes":{"id":{"type":"string","description_kind":"plain","optional":true,"computed":true},"name":{"type":"string","description_kind":"plain","required":true}},"description":"Flows \u0026 Stages --- ","description_kind":"markdown"}},"authentik_stage_user_write":{"version":0,"block":{"attributes":{"create_users_as_inactive":{"type":"bool","description":"Defaults to `true`.","description_kind":"markdown","optional":true},"create_users_group":{"type":"string","description_kind":"plain","optional":true},"id":{"type":"string","description_kind":"plain","optional":true,"computed":true},"name":{"type":"string","description_kind":"plain","required":true},"user_creation_mode":{"type":"string","description":"Allowed values:\n  - `never_create`\n  - `create_when_required`\n  - `always_create`\n Defaults to `create_when_required`.","description_kind":"markdown","optional":true},"user_path_template":{"type":"string","description":"Defaults to ``.","description_kind":"markdown","optional":true},"user_type":{"type":"string","description":"Allowed values:\n  - `internal`\n  - `external`\n  - `service_account`\n Defaults to `external`.","description_kind":"markdown","optional":true}},"description":"Flows \u0026 Stages --- ","description_kind":"markdown"}},"authentik_system_settings":{"version":0,"block":{"attributes":{"avatars":{"type":"string","description":"Defaults to `gravatar,initials`.","description_kind":"markdown","optional":true},"default_token_duration":{"type":"string","description":"Format: hours=1;minutes=2;seconds=3. Defaults to `minutes=30`.","description_kind":"markdown","optional":true},"default_token_length":{"type":"number","description":"Defaults to `60`.","description_kind":"markdown","optional":true},"default_user_change_email":{"type":"bool","description":"Defaults to `false`.","description_kind":"markdown","optional":true},"default_user_change_name":{"type":"bool","description":"Defaults to `true`.","description_kind":"markdown","optional":true},"default_user_change_username":{"type":"bool","description":"Defaults to `false`.","description_kind":"markdown","optional":true},"event_retention":{"type":"string","description":"Format: hours=1;minutes=2;seconds=3. Defaults to `days=365`.","description_kind":"markdown","optional":true},"flags":{"type":"string","description":"JSON format expected. Use `jsonencode()` to pass objects. Defaults to `{\"flows_refresh_others\":false,\"policies_buffered_access_view\":false}`.","description_kind":"markdown","optional":true},"footer_links":{"type":["list",["map","string"]],"description_kind":"plain","optional":true},"gdpr_compliance":{"type":"bool","description":"Defaults to `true`.","description_kind":"markdown","optional":true},"id":{"type":"string","description_kind":"plain","optional":true,"computed":true},"impersonation":{"type":"bool","description":"Defaults to `true`.","description_kind":"markdown","optional":true},"pagination_default_page_size":{"type":"number","description":"Defaults to `20`.","description_kind":"markdown","optional":true},"pagination_max_page_size":{"type":"number","description":"Defaults to `100`.","description_kind":"markdown","optional":true},"reputation_lower_limit":{"type":"number","description":"Defaults to `-5`.","description_kind":"markdown","optional":true},"reputation_upper_limit":{"type":"number","description":"Defaults to `5`.","description_kind":"markdown","optional":true}},"description":"System --- ","description_kind":"markdown"}},"authentik_task_schedule":{"version":0,"block":{"attributes":{"app_model":{"type":"string","description":"Allowed values:\n  - `authentik_tenants.domain`\n  - `authentik_core.group`\n  - `authentik_core.user`\n  - `authentik_core.application`\n  - `authentik_core.applicationentitlement`\n  - `authentik_core.token`\n  - `authentik_crypto.certificatekeypair`\n  - `authentik_endpoints.deviceuserbinding`\n  - `authentik_endpoints.deviceaccessgroup`\n  - `authentik_endpoints.endpointstage`\n  - `authentik_endpoints_connectors_agent.agentconnector`\n  - `authentik_endpoints_connectors_agent.agentdeviceuserbinding`\n  - `authentik_endpoints_connectors_agent.enrollmenttoken`\n  - `authentik_enterprise.license`\n  - `authentik_events.event`\n  - `authentik_events.notificationtransport`\n  - `authentik_events.notification`\n  - `authentik_events.notificationrule`\n  - `authentik_events.notificationwebhookmapping`\n  - `authentik_flows.flow`\n  - `authentik_flows.flowstagebinding`\n  - `authentik_outposts.dockerserviceconnection`\n  - `authentik_outposts.kubernetesserviceconnection`\n  - `authentik_outposts.outpost`\n  - `authentik_policies_dummy.dummypolicy`\n  - `authentik_policies_event_matcher.eventmatcherpolicy`\n  - `authentik_policies_expiry.passwordexpirypolicy`\n  - `authentik_policies_expression.expressionpolicy`\n  - `authentik_policies_geoip.geoippolicy`\n  - `authentik_policies_password.passwordpolicy`\n  - `authentik_policies_reputation.reputationpolicy`\n  - `authentik_policies.policybinding`\n  - `authentik_providers_ldap.ldapprovider`\n  - `authentik_providers_oauth2.scopemapping`\n  - `authentik_providers_oauth2.oauth2provider`\n  - `authentik_providers_proxy.proxyprovider`\n  - `authentik_providers_rac.racprovider`\n  - `authentik_providers_rac.endpoint`\n  - `authentik_providers_rac.racpropertymapping`\n  - `authentik_providers_radius.radiusprovider`\n  - `authentik_providers_radius.radiusproviderpropertymapping`\n  - `authentik_providers_saml.samlprovider`\n  - `authentik_providers_saml.samlpropertymapping`\n  - `authentik_providers_scim.scimprovider`\n  - `authentik_providers_scim.scimmapping`\n  - `authentik_rbac.role`\n  - `authentik_rbac.initialpermissions`\n  - `authentik_sources_kerberos.kerberossource`\n  - `authentik_sources_kerberos.kerberossourcepropertymapping`\n  - `authentik_sources_kerberos.userkerberossourceconnection`\n  - `authentik_sources_kerberos.groupkerberossourceconnection`\n  - `authentik_sources_ldap.ldapsource`\n  - `authentik_sources_ldap.ldapsourcepropertymapping`\n  - `authentik_sources_ldap.userldapsourceconnection`\n  - `authentik_sources_ldap.groupldapsourceconnection`\n  - `authentik_sources_oauth.oauthsource`\n  - `authentik_sources_oauth.oauthsourcepropertymapping`\n  - `authentik_sources_oauth.useroauthsourceconnection`\n  - `authentik_sources_oauth.groupoauthsourceconnection`\n  - `authentik_sources_plex.plexsource`\n  - `authentik_sources_plex.plexsourcepropertymapping`\n  - `authentik_sources_plex.userplexsourceconnection`\n  - `authentik_sources_plex.groupplexsourceconnection`\n  - `authentik_sources_saml.samlsource`\n  - `authentik_sources_saml.samlsourcepropertymapping`\n  - `authentik_sources_saml.usersamlsourceconnection`\n  - `authentik_sources_saml.groupsamlsourceconnection`\n  - `authentik_sources_scim.scimsource`\n  - `authentik_sources_scim.scimsourcepropertymapping`\n  - `authentik_sources_telegram.telegramsource`\n  - `authentik_sources_telegram.telegramsourcepropertymapping`\n  - `authentik_sources_telegram.usertelegramsourceconnection`\n  - `authentik_sources_telegram.grouptelegramsourceconnection`\n  - `authentik_stages_authenticator_duo.authenticatorduostage`\n  - `authentik_stages_authenticator_duo.duodevice`\n  - `authentik_stages_authenticator_email.authenticatoremailstage`\n  - `authentik_stages_authenticator_email.emaildevice`\n  - `authentik_stages_authenticator_sms.authenticatorsmsstage`\n  - `authentik_stages_authenticator_sms.smsdevice`\n  - `authentik_stages_authenticator_static.authenticatorstaticstage`\n  - `authentik_stages_authenticator_static.staticdevice`\n  - `authentik_stages_authenticator_totp.authenticatortotpstage`\n  - `authentik_stages_authenticator_totp.totpdevice`\n  - `authentik_stages_authenticator_validate.authenticatorvalidatestage`\n  - `authentik_stages_authenticator_webauthn.authenticatorwebauthnstage`\n  - `authentik_stages_authenticator_webauthn.webauthndevice`\n  - `authentik_stages_captcha.captchastage`\n  - `authentik_stages_consent.consentstage`\n  - `authentik_stages_deny.denystage`\n  - `authentik_stages_dummy.dummystage`\n  - `authentik_stages_email.emailstage`\n  - `authentik_stages_identification.identificationstage`\n  - `authentik_stages_invitation.invitationstage`\n  - `authentik_stages_invitation.invitation`\n  - `authentik_stages_password.passwordstage`\n  - `authentik_stages_prompt.prompt`\n  - `authentik_stages_prompt.promptstage`\n  - `authentik_stages_redirect.redirectstage`\n  - `authentik_stages_user_delete.userdeletestage`\n  - `authentik_stages_user_login.userloginstage`\n  - `authentik_stages_user_logout.userlogoutstage`\n  - `authentik_stages_user_write.userwritestage`\n  - `authentik_tasks_schedules.schedule`\n  - `authentik_brands.brand`\n  - `authentik_blueprints.blueprintinstance`\n  - `authentik_policies_unique_password.uniquepasswordpolicy`\n  - `authentik_providers_google_workspace.googleworkspaceprovider`\n  - `authentik_providers_google_workspace.googleworkspaceprovidermapping`\n  - `authentik_providers_microsoft_entra.microsoftentraprovider`\n  - `authentik_providers_microsoft_entra.microsoftentraprovidermapping`\n  - `authentik_providers_ssf.ssfprovider`\n  - `authentik_reports.dataexport`\n  - `authentik_stages_authenticator_endpoint_gdtc.authenticatorendpointgdtcstage`\n  - `authentik_stages_mtls.mutualtlsstage`\n  - `authentik_stages_source.sourcestage`","description_kind":"markdown","required":true},"crontab":{"type":"string","description":"Crontab expression at which this task will run.","description_kind":"markdown","required":true},"id":{"type":"string","description_kind":"plain","optional":true,"computed":true},"model_id":{"type":"string","description_kind":"plain","required":true},"paused":{"type":"bool","description":"Defaults to `false`.","description_kind":"markdown","optional":true}},"description":"Tasks --- ","description_kind":"markdown"}},"authentik_token":{"version":0,"block":{"attributes":{"description":{"type":"string","description_kind":"plain","optional":true},"expires":{"type":"string","description_kind":"plain","optional":true},"expires_in":{"type":"number","description":"Generated.","description_kind":"markdown","computed":true},"expiring":{"type":"bool","description":"Defaults to `true`.","description_kind":"markdown","optional":true},"id":{"type":"string","description_kind":"plain","optional":true,"computed":true},"identifier":{"type":"string","description_kind":"plain","required":true},"intent":{"type":"string","description":"Allowed values:\n  - `verification`\n  - `api`\n  - `recovery`\n  - `app_password`\n Defaults to `api`.","description_kind":"markdown","optional":true},"key":{"type":"string","description":"Generated.","description_kind":"markdown","computed":true,"sensitive":true},"retrieve_key":{"type":"bool","description":"Defaults to `false`.","description_kind":"markdown","optional":true},"user":{"type":"number","description_kind":"plain","required":true}},"description":"Directory --- ","description_kind":"markdown"}},"authentik_user":{"version":0,"block":{"attributes":{"attributes":{"type":"string","description":"JSON format expected. Use `jsonencode()` to pass objects. Defaults to `{}`.","description_kind":"markdown","optional":true},"email":{"type":"string","description_kind":"plain","optional":true},"groups":{"type":["list","string"],"description":"Generated.","description_kind":"markdown","optional":true,"computed":true},"id":{"type":"string","description_kind":"plain","optional":true,"computed":true},"is_active":{"type":"bool","description":"Defaults to `true`.","description_kind":"markdown","optional":true},"name":{"type":"string","description":"Defaults to ``.","description_kind":"markdown","optional":true},"password":{"type":"string","description":"Optionally set the user's password. Changing the password in authentik will not trigger an update here.","description_kind":"markdown","optional":true,"sensitive":true},"path":{"type":"string","description":"Defaults to `users`.","description_kind":"markdown","optional":true},"type":{"type":"string","description":"Allowed values:\n  - `internal`\n  - `external`\n  - `service_account`\n  - `internal_service_account`\n Defaults to `internal`.","description_kind":"markdown","optional":true},"username":{"type":"string","description_kind":"plain","required":true}},"description":"Directory --- ","description_kind":"markdown"}}},"data_source_schemas":{"authentik_brand":{"version":0,"block":{"attributes":{"branding_custom_css":{"type":"string","description":"Generated.","description_kind":"markdown","optional":true,"computed":true},"branding_default_flow_background":{"type":"string","description":"Generated.","description_kind":"markdown","optional":true,"computed":true},"branding_favicon":{"type":"string","description":"Generated.","description_kind":"markdown","optional":true,"computed":true},"branding_logo":{"type":"string","description":"Generated.","description_kind":"markdown","optional":true,"computed":true},"branding_title":{"type":"string","description":"Generated.","description_kind":"markdown","optional":true,"computed":true},"client_certificates":{"type":["list","string"],"description_kind":"plain","optional":true},"default":{"type":"bool","description":"Generated.","description_kind":"markdown","optional":true,"computed":true},"default_application":{"type":"string","description":"Generated.","description_kind":"markdown","optional":true,"computed":true},"domain":{"type":"string","description":"Generated.","description_kind":"markdown","optional":true,"computed":true},"flow_authentication":{"type":"string","description":"Generated.","description_kind":"markdown","optional":true,"computed":true},"flow_device_code":{"type":"string","description":"Generated.","description_kind":"markdown","optional":true,"computed":true},"flow_invalidation":{"type":"string","description":"Generated.","description_kind":"markdown","optional":true,"computed":true},"flow_recovery":{"type":"string","description":"Generated.","description_kind":"markdown","optional":true,"computed":true},"flow_unenrollment":{"type":"string","description":"Generated.","description_kind":"markdown","optional":true,"computed":true},"flow_user_settings":{"type":"string","description":"Generated.","description_kind":"markdown","optional":true,"computed":true},"id":{"type":"string","description_kind":"plain","optional":true,"computed":true},"web_certificate":{"type":"string","description":"Generated.","description_kind":"markdown","optional":true,"computed":true}},"description":"System --- Get brands by domain","description_kind":"markdown"}},"authentik_certificate_key_pair":{"version":0,"block":{"attributes":{"certificate_data":{"type":"string","description":"Generated.","description_kind":"markdown","computed":true},"expiry":{"type":"string","description":"Generated.","description_kind":"markdown","computed":true},"fetch_certificate":{"type":"bool","description":"If set to true, certificate data will be fetched. Defaults to `true`.","description_kind":"markdown","optional":true},"fetch_key":{"type":"bool","description":"If set to true, private key data will be fetched. Defaults to `true`.","description_kind":"markdown","optional":true},"fingerprint1":{"type":"string","description":"SHA1-hashed certificate fingerprint Generated.","description_kind":"markdown","computed":true},"fingerprint256":{"type":"string","description":"SHA256-hashed certificate fingerprint Generated.","description_kind":"markdown","computed":true},"id":{"type":"string","description":"Generated.","description_kind":"markdown","computed":true},"key_data":{"type":"string","description":"Generated.","description_kind":"markdown","optional":true,"computed":true,"sensitive":true},"name":{"type":"string","description_kind":"plain","required":true},"subject":{"type":"string","description":"Generated.","description_kind":"markdown","computed":true}},"description":"System --- Get certificate-key pairs by name","description_kind":"markdown"}},"authentik_flow":{"version":0,"block":{"attributes":{"authentication":{"type":"string","description":"Generated.","description_kind":"markdown","optional":true,"computed":true},"designation":{"type":"string","description":"Generated.","description_kind":"markdown","optional":true,"computed":true},"id":{"type":"string","description_kind":"plain","optional":true,"computed":true},"name":{"type":"string","description":"Generated.","description_kind":"markdown","computed":true},"slug":{"type":"string","description":"Generated.","description_kind":"markdown","optional":true,"computed":true},"title":{"type":"string","description":"Generated.","description_kind":"markdown","computed":true}},"description":"Flows \u0026 Stages --- Get flows by Slug and/or designation","description_kind":"markdown"}},"authentik_group":{"version":0,"block":{"attributes":{"attributes":{"type":"string","description":"Generated.","description_kind":"markdown","computed":true},"id":{"type":"string","description_kind":"plain","optional":true,"computed":true},"include_users":{"type":"bool","description":"Whether to include group members. Note that depending on group size, this can make the Terraform state a lot larger. Defaults to `true`.","description_kind":"markdown","optional":true},"is_superuser":{"type":"bool","description":"Generated.","description_kind":"markdown","computed":true},"name":{"type":"string","description_kind":"plain","optional":true},"num_pk":{"type":"number","description":"Generated.","description_kind":"markdown","computed":true},"parent_name":{"type":"string","description":"Generated.","description_kind":"markdown","computed":true},"parents":{"type":["list","string"],"description":"Generated.","description_kind":"markdown","computed":true},"pk":{"type":"string","description_kind":"plain","optional":true},"users":{"type":["list","number"],"description":"Generated.","description_kind":"markdown","computed":true},"users_obj":{"type":["list",["object",{"attributes":"string","email":"string","is_active":"bool","last_login":"string","name":"string","pk":"number","uid":"string","username":"string"}]],"description":"Generated.","description_kind":"markdown","computed":true}},"description":"Directory --- Get groups by pk or name","description_kind":"markdown"}},"authentik_groups":{"version":0,"block":{"attributes":{"attributes":{"type":"string","description_kind":"plain","optional":true},"groups":{"type":["list",["object",{"attributes":"string","is_superuser":"bool","name":"string","num_pk":"number","parent_name":"string","parents":["list","string"],"pk":"string","users":["list","number"],"users_obj":["list",["object",{"attributes":"string","email":"string","is_active":"bool","last_login":"string","name":"string","pk":"number","uid":"string","username":"string"}]]}]],"description":"Generated.","description_kind":"markdown","computed":true},"id":{"type":"string","description_kind":"plain","optional":true,"computed":true},"include_users":{"type":"bool","description":"Whether to include group members. Note that depending on group size, this can make the Terraform state a lot larger. Defaults to `true`.","description_kind":"markdown","optional":true},"is_superuser":{"type":"bool","description_kind":"plain","optional":true},"members_by_pk":{"type":["list","number"],"description_kind":"plain","optional":true},"members_by_username":{"type":["list","string"],"description_kind":"plain","optional":true},"name":{"type":"string","description_kind":"plain","optional":true},"ordering":{"type":"string","description_kind":"plain","optional":true},"search":{"type":"string","description_kind":"plain","optional":true}},"description":"Directory --- Get groups list","description_kind":"markdown"}},"authentik_outpost":{"version":0,"block":{"attributes":{"id":{"type":"string","description_kind":"plain","optional":true},"name":{"type":"string","description_kind":"plain","optional":true}},"description":"Applications --- Get outposts by id or name","description_kind":"markdown"}},"authentik_property_mapping_provider_rac":{"version":0,"block":{"attributes":{"expression":{"type":"string","description":"Generated.","description_kind":"markdown","computed":true},"id":{"type":"string","description_kind":"plain","optional":true,"computed":true},"ids":{"type":["list","string"],"description":"List of ids when `managed_list` is set. Generated.","description_kind":"markdown","optional":true,"computed":true},"managed":{"type":"string","description_kind":"plain","optional":true},"managed_list":{"type":["list","string"],"description":"Retrieve multiple property mappings","description_kind":"markdown","optional":true},"name":{"type":"string","description_kind":"plain","optional":true},"settings":{"type":"string","description":"Generated.","description_kind":"markdown","optional":true,"computed":true}},"description":"Customization --- Get RAC Provider Property mappings","description_kind":"markdown"}},"authentik_property_mapping_provider_radius":{"version":0,"block":{"attributes":{"expression":{"type":"string","description":"Generated.","description_kind":"markdown","computed":true},"id":{"type":"string","description_kind":"plain","optional":true,"computed":true},"ids":{"type":["list","string"],"description":"List of ids when `managed_list` is set. Generated.","description_kind":"markdown","optional":true,"computed":true},"managed":{"type":"string","description_kind":"plain","optional":true},"managed_list":{"type":["list","string"],"description":"Retrieve multiple property mappings","description_kind":"markdown","optional":true},"name":{"type":"string","description_kind":"plain","optional":true}},"description":"Customization --- Get Radius Provider Property mappings","description_kind":"markdown"}},"authentik_property_mapping_provider_saml":{"version":0,"block":{"attributes":{"expression":{"type":"string","description":"Generated.","description_kind":"markdown","optional":true,"computed":true},"friendly_name":{"type":"string","description":"Generated.","description_kind":"markdown","optional":true,"computed":true},"id":{"type":"string","description_kind":"plain","optional":true,"computed":true},"ids":{"type":["list","string"],"description":"List of ids when `managed_list` is set. Generated.","description_kind":"markdown","optional":true,"computed":true},"managed":{"type":"string","description_kind":"plain","optional":true},"managed_list":{"type":["list","string"],"description":"Retrieve multiple property mappings","description_kind":"markdown","optional":true},"name":{"type":"string","description_kind":"plain","optional":true},"saml_name":{"type":"string","description":"Generated.","description_kind":"markdown","optional":true,"computed":true}},"description":"Customization --- Get SAML Provider Property mappings","description_kind":"markdown"}},"authentik_property_mapping_provider_scim":{"version":0,"block":{"attributes":{"expression":{"type":"string","description":"Generated.","description_kind":"markdown","computed":true},"id":{"type":"string","description_kind":"plain","optional":true,"computed":true},"ids":{"type":["list","string"],"description":"List of ids when `managed_list` is set. Generated.","description_kind":"markdown","optional":true,"computed":true},"managed":{"type":"string","description_kind":"plain","optional":true},"managed_list":{"type":["list","string"],"description":"Retrieve multiple property mappings","description_kind":"markdown","optional":true},"name":{"type":"string","description_kind":"plain","optional":true}},"description":"Customization --- Get SCIM Provider Property mappings","description_kind":"markdown"}},"authentik_property_mapping_provider_scope":{"version":0,"block":{"attributes":{"description":{"type":"string","description":"Generated.","description_kind":"markdown","computed":true},"expression":{"type":"string","description":"Generated.","description_kind":"markdown","computed":true},"id":{"type":"string","description_kind":"plain","optional":true,"computed":true},"ids":{"type":["list","string"],"description":"List of ids when `managed_list` is set. Generated.","description_kind":"markdown","optional":true,"computed":true},"managed":{"type":"string","description_kind":"plain","optional":true},"managed_list":{"type":["list","string"],"description":"Retrieve multiple property mappings","description_kind":"markdown","optional":true},"name":{"type":"string","description_kind":"plain","optional":true},"scope_name":{"type":"string","description":"Generated.","description_kind":"markdown","optional":true,"computed":true}},"description":"Customization --- Get OAuth Provider Scope Property mappings","description_kind":"markdown"}},"authentik_property_mapping_source_ldap":{"version":0,"block":{"attributes":{"expression":{"type":"string","description":"Generated.","description_kind":"markdown","computed":true},"id":{"type":"string","description_kind":"plain","optional":true,"computed":true},"ids":{"type":["list","string"],"description":"List of ids when `managed_list` is set. Generated.","description_kind":"markdown","optional":true,"computed":true},"managed":{"type":"string","description_kind":"plain","optional":true},"managed_list":{"type":["list","string"],"description":"Retrieve multiple property mappings","description_kind":"markdown","optional":true},"name":{"type":"string","description_kind":"plain","optional":true}},"description":"Customization --- Get LDAP Source Property mappings","description_kind":"markdown"}},"authentik_provider_oauth2_config":{"version":0,"block":{"attributes":{"authorize_url":{"type":"string","description":"Generated.","description_kind":"markdown","computed":true},"id":{"type":"string","description_kind":"plain","optional":true,"computed":true},"issuer_url":{"type":"string","description":"Generated.","description_kind":"markdown","computed":true},"jwks_url":{"type":"string","description":"Generated.","description_kind":"markdown","computed":true},"logout_url":{"type":"string","description":"Generated.","description_kind":"markdown","computed":true},"name":{"type":"string","description":"Find provider by name","description_kind":"markdown","optional":true},"provider_id":{"type":"number","description":"Find provider by ID","description_kind":"markdown","optional":true},"provider_info_url":{"type":"string","description":"Generated.","description_kind":"markdown","computed":true},"token_url":{"type":"string","description":"Generated.","description_kind":"markdown","computed":true},"user_info_url":{"type":"string","description":"Generated.","description_kind":"markdown","computed":true}},"description":"Applications --- Get OAuth2 provider config","description_kind":"markdown"}},"authentik_provider_saml_metadata":{"version":0,"block":{"attributes":{"id":{"type":"string","description_kind":"plain","optional":true,"computed":true},"metadata":{"type":"string","description":"SAML Metadata Generated.","description_kind":"markdown","computed":true},"name":{"type":"string","description":"Find provider by name","description_kind":"markdown","optional":true},"provider_id":{"type":"number","description":"Find provider by ID","description_kind":"markdown","optional":true}},"description":"Applications --- Get SAML Provider metadata","description_kind":"markdown"}},"authentik_rbac_permission":{"version":0,"block":{"attributes":{"app":{"type":"string","description":"Generated.","description_kind":"markdown","computed":true},"codename":{"type":"string","description_kind":"plain","required":true},"id":{"type":"string","description_kind":"plain","optional":true,"computed":true},"model":{"type":"string","description":"Generated.","description_kind":"markdown","computed":true}},"description":"RBAC --- Get a permission by codename","description_kind":"markdown"}},"authentik_service_connection_kubernetes":{"version":0,"block":{"attributes":{"id":{"type":"string","description_kind":"plain","optional":true,"computed":true},"kubeconfig":{"type":"string","description":"Generated.","description_kind":"markdown","optional":true,"computed":true,"sensitive":true},"local":{"type":"bool","description":"Generated.","description_kind":"markdown","optional":true,"computed":true},"name":{"type":"string","description_kind":"plain","required":true},"verify_ssl":{"type":"bool","description":"Generated.","description_kind":"markdown","optional":true,"computed":true}},"description":"Applications --- Get a Kubernetes Service Connection by name","description_kind":"markdown"}},"authentik_source":{"version":0,"block":{"attributes":{"id":{"type":"string","description_kind":"plain","optional":true,"computed":true},"managed":{"type":"string","description":"Generated.","description_kind":"markdown","optional":true,"computed":true},"name":{"type":"string","description":"Generated.","description_kind":"markdown","computed":true},"slug":{"type":"string","description":"Generated.","description_kind":"markdown","optional":true,"computed":true},"uuid":{"type":"string","description":"Generated.","description_kind":"markdown","computed":true}},"description":"Directory --- Get Source by name, slug or managed","description_kind":"markdown"}},"authentik_stage":{"version":0,"block":{"attributes":{"id":{"type":"string","description_kind":"plain","optional":true,"computed":true},"name":{"type":"string","description":"Generated.","description_kind":"markdown","optional":true,"computed":true}},"description":"Flows \u0026 Stages --- Get stages by name","description_kind":"markdown"}},"authentik_user":{"version":0,"block":{"attributes":{"attributes":{"type":"string","description":"Generated.","description_kind":"markdown","computed":true},"avatar":{"type":"string","description":"Generated.","description_kind":"markdown","computed":true},"date_joined":{"type":"string","description":"Generated.","description_kind":"markdown","computed":true},"email":{"type":"string","description":"Generated.","description_kind":"markdown","computed":true},"groups":{"type":["list","string"],"description":"Generated.","description_kind":"markdown","computed":true},"id":{"type":"string","description_kind":"plain","optional":true,"computed":true},"is_active":{"type":"bool","description":"Generated.","description_kind":"markdown","computed":true},"is_superuser":{"type":"bool","description":"Generated.","description_kind":"markdown","computed":true},"last_login":{"type":"string","description":"Generated.","description_kind":"markdown","computed":true},"name":{"type":"string","description":"Generated.","description_kind":"markdown","computed":true},"path":{"type":"string","description":"Generated.","description_kind":"markdown","computed":true},"pk":{"type":"number","description":"Generated.","description_kind":"markdown","optional":true,"computed":true},"type":{"type":"string","description":"Generated.","description_kind":"markdown","computed":true},"uid":{"type":"string","description":"Generated.","description_kind":"markdown","computed":true},"username":{"type":"string","description":"Generated.","description_kind":"markdown","optional":true,"computed":true},"uuid":{"type":"string","description":"Generated.","description_kind":"markdown","computed":true}},"description":"Directory --- Get users by pk or username","description_kind":"markdown"}},"authentik_users":{"version":0,"block":{"attributes":{"attributes":{"type":"string","description_kind":"plain","optional":true},"email":{"type":"string","description_kind":"plain","optional":true},"groups_by_name":{"type":["list","string"],"description_kind":"plain","optional":true},"groups_by_pk":{"type":["list","string"],"description_kind":"plain","optional":true},"id":{"type":"string","description_kind":"plain","optional":true,"computed":true},"is_active":{"type":"bool","description_kind":"plain","optional":true},"is_superuser":{"type":"bool","description_kind":"plain","optional":true},"name":{"type":"string","description_kind":"plain","optional":true},"ordering":{"type":"string","description_kind":"plain","optional":true},"path":{"type":"string","description_kind":"plain","optional":true},"path_startswith":{"type":"string","description_kind":"plain","optional":true},"search":{"type":"string","description_kind":"plain","optional":true},"username":{"type":"string","description_kind":"plain","optional":true},"users":{"type":["list",["object",{"attributes":"string","avatar":"string","date_joined":"string","email":"string","groups":["list","string"],"is_active":"bool","is_superuser":"bool","last_login":"string","name":"string","path":"string","pk":"number","type":"string","uid":"string","username":"string","uuid":"string"}]],"description":"Generated.","description_kind":"markdown","computed":true},"uuid":{"type":"string","description_kind":"plain","optional":true}},"description":"Directory --- Get users list","description_kind":"markdown"}},"authentik_webauthn_device_type":{"version":0,"block":{"attributes":{"aaguid":{"type":"string","description":"Generated.","description_kind":"markdown","computed":true},"description":{"type":"string","description":"Generated.","description_kind":"markdown","optional":true,"computed":true},"id":{"type":"string","description_kind":"plain","optional":true,"computed":true}},"description":"Flows \u0026 Stages --- ","description_kind":"markdown"}}}}}}
